// !$*UTF8*$!
{
	archiveVersion = 1;
	classes = {
	};
	objectVersion = 55;
	objects = {

/* Begin PBXBuildFile section */
		05CB4A27292DF11E00A97531 /* CategoryResponseDTO+Mapping.swift in Sources */ = {isa = PBXBuildFile; fileRef = 05CB4A25292DF11D00A97531 /* CategoryResponseDTO+Mapping.swift */; };
		05CB4A28292DF11E00A97531 /* CommentResponseDTO+Mapping.swift in Sources */ = {isa = PBXBuildFile; fileRef = 05CB4A26292DF11E00A97531 /* CommentResponseDTO+Mapping.swift */; };
		05CB4A2C292DF13500A97531 /* DefaultCategoryRepository.swift in Sources */ = {isa = PBXBuildFile; fileRef = 05CB4A29292DF13500A97531 /* DefaultCategoryRepository.swift */; };
		05CB4A2D292DF13500A97531 /* DefaultGroupCommentRepository.swift in Sources */ = {isa = PBXBuildFile; fileRef = 05CB4A2A292DF13500A97531 /* DefaultGroupCommentRepository.swift */; };
		05CB4A33292DF15200A97531 /* GroupCommentRepository.swift in Sources */ = {isa = PBXBuildFile; fileRef = 05CB4A30292DF15100A97531 /* GroupCommentRepository.swift */; };
		05CB4A34292DF15200A97531 /* CategoryRepository.swift in Sources */ = {isa = PBXBuildFile; fileRef = 05CB4A31292DF15100A97531 /* CategoryRepository.swift */; };
		05CB4A38292DF16900A97531 /* FetchCategoryUseCase.swift in Sources */ = {isa = PBXBuildFile; fileRef = 05CB4A35292DF16800A97531 /* FetchCategoryUseCase.swift */; };
		05CB4A39292DF16900A97531 /* FetchUserUseCase.swift in Sources */ = {isa = PBXBuildFile; fileRef = 05CB4A36292DF16900A97531 /* FetchUserUseCase.swift */; };
		05CB4A3A292DF16900A97531 /* FetchCommentsUseCase.swift in Sources */ = {isa = PBXBuildFile; fileRef = 05CB4A37292DF16900A97531 /* FetchCommentsUseCase.swift */; };
		05CB4A3D292DF17C00A97531 /* Category.swift in Sources */ = {isa = PBXBuildFile; fileRef = 05CB4A3B292DF17B00A97531 /* Category.swift */; };
		05CB4A3E292DF17C00A97531 /* Comment.swift in Sources */ = {isa = PBXBuildFile; fileRef = 05CB4A3C292DF17C00A97531 /* Comment.swift */; };
		4809720EDCD7BADB2BBB038E /* Pods_DevFriendsTests.framework in Frameworks */ = {isa = PBXBuildFile; fileRef = 09DCCC336F94BF94419174FD /* Pods_DevFriendsTests.framework */; };
		62E0CAA405C03F503EEF9A70 /* Pods_DevFriends_DevFriendsUITests.framework in Frameworks */ = {isa = PBXBuildFile; fileRef = 145B123E59BCFE5B52B1B836 /* Pods_DevFriends_DevFriendsUITests.framework */; };
		A648BB1D292E1B1C0018A654 /* CLLocation+Distance.swift in Sources */ = {isa = PBXBuildFile; fileRef = A648BB1C292E1B1C0018A654 /* CLLocation+Distance.swift */; };
		A648BB1F292E1B930018A654 /* ChatViewModel.swift in Sources */ = {isa = PBXBuildFile; fileRef = A648BB1E292E1B930018A654 /* ChatViewModel.swift */; };
		A648BB23292E1C060018A654 /* ChatContentViewModel.swift in Sources */ = {isa = PBXBuildFile; fileRef = A648BB22292E1C060018A654 /* ChatContentViewModel.swift */; };
		A648BB25292E1D6F0018A654 /* Filter.swift in Sources */ = {isa = PBXBuildFile; fileRef = A648BB24292E1D6F0018A654 /* Filter.swift */; };
		A66C7BB2292E180A0008B6FD /* MessageResponseDTO+Mapping.swift in Sources */ = {isa = PBXBuildFile; fileRef = A66C7BB1292E180A0008B6FD /* MessageResponseDTO+Mapping.swift */; };
		A66C7BB6292E18CF0008B6FD /* DefaultChatGroupsRepository.swift in Sources */ = {isa = PBXBuildFile; fileRef = A66C7BB5292E18CF0008B6FD /* DefaultChatGroupsRepository.swift */; };
		A66C7BB8292E18F30008B6FD /* DefaultChatMessagesRepository.swift in Sources */ = {isa = PBXBuildFile; fileRef = A66C7BB7292E18F30008B6FD /* DefaultChatMessagesRepository.swift */; };
		A66C7BBA292E19210008B6FD /* ContainsFirestore.swift in Sources */ = {isa = PBXBuildFile; fileRef = A66C7BB9292E19210008B6FD /* ContainsFirestore.swift */; };
		A66C7BBC292E19450008B6FD /* GroupRepository.swift in Sources */ = {isa = PBXBuildFile; fileRef = A66C7BBB292E19450008B6FD /* GroupRepository.swift */; };
		A66C7BBE292E19660008B6FD /* ChatGroupsRepository.swift in Sources */ = {isa = PBXBuildFile; fileRef = A66C7BBD292E19660008B6FD /* ChatGroupsRepository.swift */; };
		A66C7BC0292E19830008B6FD /* ChatMessagesRepository.swift in Sources */ = {isa = PBXBuildFile; fileRef = A66C7BBF292E19830008B6FD /* ChatMessagesRepository.swift */; };
		A66C7BC2292E19A60008B6FD /* LoadChatGroupsUseCase.swift in Sources */ = {isa = PBXBuildFile; fileRef = A66C7BC1292E19A60008B6FD /* LoadChatGroupsUseCase.swift */; };
		A66C7BC4292E19C70008B6FD /* SaveGroupUseCase.swift in Sources */ = {isa = PBXBuildFile; fileRef = A66C7BC3292E19C70008B6FD /* SaveGroupUseCase.swift */; };
		A66C7BC6292E19F60008B6FD /* LoadChatMessagesUseCase.swift in Sources */ = {isa = PBXBuildFile; fileRef = A66C7BC5292E19F60008B6FD /* LoadChatMessagesUseCase.swift */; };
		A66C7BC8292E1A160008B6FD /* SendChatMessagesUseCase.swift in Sources */ = {isa = PBXBuildFile; fileRef = A66C7BC7292E1A160008B6FD /* SendChatMessagesUseCase.swift */; };
		A66C7BCA292E1A460008B6FD /* Location.swift in Sources */ = {isa = PBXBuildFile; fileRef = A66C7BC9292E1A460008B6FD /* Location.swift */; };
		A66C7BD6292E1A9B0008B6FD /* GroupListSection.swift in Sources */ = {isa = PBXBuildFile; fileRef = A66C7BCD292E1A9B0008B6FD /* GroupListSection.swift */; };
		A66C7BD7292E1A9B0008B6FD /* GroupListViewController.swift in Sources */ = {isa = PBXBuildFile; fileRef = A66C7BCE292E1A9B0008B6FD /* GroupListViewController.swift */; };
		A66C7BD8292E1A9B0008B6FD /* GroupFilterViewControllerDelegate.swift in Sources */ = {isa = PBXBuildFile; fileRef = A66C7BCF292E1A9B0008B6FD /* GroupFilterViewControllerDelegate.swift */; };
		A66C7BD9292E1A9B0008B6FD /* GroupFilterViewController.swift in Sources */ = {isa = PBXBuildFile; fileRef = A66C7BD0292E1A9B0008B6FD /* GroupFilterViewController.swift */; };
		A66C7BDA292E1A9B0008B6FD /* GroupFilterViewModelType.swift in Sources */ = {isa = PBXBuildFile; fileRef = A66C7BD2292E1A9B0008B6FD /* GroupFilterViewModelType.swift */; };
		A66C7BDB292E1A9B0008B6FD /* GroupListViewModelType.swift in Sources */ = {isa = PBXBuildFile; fileRef = A66C7BD3292E1A9B0008B6FD /* GroupListViewModelType.swift */; };
		A66C7BDC292E1A9B0008B6FD /* GroupListViewModel.swift in Sources */ = {isa = PBXBuildFile; fileRef = A66C7BD4292E1A9B0008B6FD /* GroupListViewModel.swift */; };
		A66C7BDD292E1A9B0008B6FD /* GroupFilterViewModel.swift in Sources */ = {isa = PBXBuildFile; fileRef = A66C7BD5292E1A9B0008B6FD /* GroupFilterViewModel.swift */; };
		A6ED8B9D29228299003105E2 /* (null) in Sources */ = {isa = PBXBuildFile; };
		A6ED8BA129239153003105E2 /* (null) in Sources */ = {isa = PBXBuildFile; };
		A6ED8BA72924E44A003105E2 /* (null) in Sources */ = {isa = PBXBuildFile; };
		D6CEFA459392B61254369D07 /* Pods_DevFriends.framework in Frameworks */ = {isa = PBXBuildFile; fileRef = 6D508A33F60F395002118917 /* Pods_DevFriends.framework */; };
		E33A2025292319C700887EC9 /* PostDetailCommentView.swift in Sources */ = {isa = PBXBuildFile; fileRef = E33A2024292319C700887EC9 /* PostDetailCommentView.swift */; };
		E33A202829235A3D00887EC9 /* PostAttentionView.swift in Sources */ = {isa = PBXBuildFile; fileRef = E33A202729235A3D00887EC9 /* PostAttentionView.swift */; };
		E33A202C2923D7FC00887EC9 /* PostReportViewController.swift in Sources */ = {isa = PBXBuildFile; fileRef = E33A202B2923D7FC00887EC9 /* PostReportViewController.swift */; };
		E33A202E2923DADD00887EC9 /* ReportView.swift in Sources */ = {isa = PBXBuildFile; fileRef = E33A202D2923DADD00887EC9 /* ReportView.swift */; };
		E33A20362924E9FB00887EC9 /* CommentTableViewCell.swift in Sources */ = {isa = PBXBuildFile; fileRef = E33A20352924E9FB00887EC9 /* CommentTableViewCell.swift */; };
		E33A20812926622000887EC9 /* ChatViewController.swift in Sources */ = {isa = PBXBuildFile; fileRef = E33A20732926621F00887EC9 /* ChatViewController.swift */; };
		E33A20822926622000887EC9 /* ChatTableViewCell.swift in Sources */ = {isa = PBXBuildFile; fileRef = E33A20742926621F00887EC9 /* ChatTableViewCell.swift */; };
		E33A20832926622000887EC9 /* FriendMessageTableViewCell.swift in Sources */ = {isa = PBXBuildFile; fileRef = E33A20772926621F00887EC9 /* FriendMessageTableViewCell.swift */; };
		E33A20842926622000887EC9 /* MessageLabel.swift in Sources */ = {isa = PBXBuildFile; fileRef = E33A20782926621F00887EC9 /* MessageLabel.swift */; };
		E33A20852926622000887EC9 /* ContainsProfile.swift in Sources */ = {isa = PBXBuildFile; fileRef = E33A20792926621F00887EC9 /* ContainsProfile.swift */; };
		E33A20862926622000887EC9 /* MessageCellType.swift in Sources */ = {isa = PBXBuildFile; fileRef = E33A207A2926621F00887EC9 /* MessageCellType.swift */; };
		E33A20872926622000887EC9 /* ChatContentViewController.swift in Sources */ = {isa = PBXBuildFile; fileRef = E33A207B2926621F00887EC9 /* ChatContentViewController.swift */; };
		E33A20882926622000887EC9 /* ContainsTime.swift in Sources */ = {isa = PBXBuildFile; fileRef = E33A207C2926621F00887EC9 /* ContainsTime.swift */; };
		E33A20892926622000887EC9 /* MyMessageTableViewCell.swift in Sources */ = {isa = PBXBuildFile; fileRef = E33A207D2926621F00887EC9 /* MyMessageTableViewCell.swift */; };
		E33A208A2926622000887EC9 /* ChatViewCoordinator.swift in Sources */ = {isa = PBXBuildFile; fileRef = E33A207F2926621F00887EC9 /* ChatViewCoordinator.swift */; };
		E33A208B2926622000887EC9 /* ChatCoordinator.swift in Sources */ = {isa = PBXBuildFile; fileRef = E33A20802926621F00887EC9 /* ChatCoordinator.swift */; };
		E33A20922926623200887EC9 /* MogakcoViewModel.swift in Sources */ = {isa = PBXBuildFile; fileRef = E33A208E2926623200887EC9 /* MogakcoViewModel.swift */; };
		E33A20932926623200887EC9 /* MogakcoViewController.swift in Sources */ = {isa = PBXBuildFile; fileRef = E33A20902926623200887EC9 /* MogakcoViewController.swift */; };
		E33A20942926623200887EC9 /* MogakcoModalViewController.swift in Sources */ = {isa = PBXBuildFile; fileRef = E33A20912926623200887EC9 /* MogakcoModalViewController.swift */; };
		E33A20A5292662E500887EC9 /* AppDIContainer.swift in Sources */ = {isa = PBXBuildFile; fileRef = E33A20A0292662E500887EC9 /* AppDIContainer.swift */; };
		E33A20A6292662E500887EC9 /* ChatSceneDIContainer.swift in Sources */ = {isa = PBXBuildFile; fileRef = E33A20A1292662E500887EC9 /* ChatSceneDIContainer.swift */; };
		E33A20A7292662E500887EC9 /* AppDelegate.swift in Sources */ = {isa = PBXBuildFile; fileRef = E33A20A2292662E500887EC9 /* AppDelegate.swift */; };
		E33A20A8292662E500887EC9 /* SceneDelegate.swift in Sources */ = {isa = PBXBuildFile; fileRef = E33A20A3292662E500887EC9 /* SceneDelegate.swift */; };
		E33A20AC2926639400887EC9 /* AppFlowCoordinator.swift in Sources */ = {isa = PBXBuildFile; fileRef = E33A20AB2926639400887EC9 /* AppFlowCoordinator.swift */; };
		E33A20B4292665A700887EC9 /* GroupCollectionViewCell.swift in Sources */ = {isa = PBXBuildFile; fileRef = E33A20AF292665A700887EC9 /* GroupCollectionViewCell.swift */; };
		E33A20B5292665A700887EC9 /* GroupCollectionHeaderView.swift in Sources */ = {isa = PBXBuildFile; fileRef = E33A20B0292665A700887EC9 /* GroupCollectionHeaderView.swift */; };
		E33A20B6292665A700887EC9 /* SendableTextView.swift in Sources */ = {isa = PBXBuildFile; fileRef = E33A20B1292665A700887EC9 /* SendableTextView.swift */; };
		E33A20B7292665A700887EC9 /* GroupFilterCollectionHeaderView.swift in Sources */ = {isa = PBXBuildFile; fileRef = E33A20B2292665A700887EC9 /* GroupFilterCollectionHeaderView.swift */; };
		E33A20B8292665A700887EC9 /* GroupFilterCollectionViewCell.swift in Sources */ = {isa = PBXBuildFile; fileRef = E33A20B3292665A700887EC9 /* GroupFilterCollectionViewCell.swift */; };
		E33A20BD292665BC00887EC9 /* CommonButton.swift in Sources */ = {isa = PBXBuildFile; fileRef = E33A20B9292665BC00887EC9 /* CommonButton.swift */; };
		E33A20BE292665BC00887EC9 /* CommonTextField.swift in Sources */ = {isa = PBXBuildFile; fileRef = E33A20BA292665BC00887EC9 /* CommonTextField.swift */; };
		E33A20BF292665BC00887EC9 /* FilledRoundTextLabel.swift in Sources */ = {isa = PBXBuildFile; fileRef = E33A20BB292665BC00887EC9 /* FilledRoundTextLabel.swift */; };
		E33A20C0292665BC00887EC9 /* DividerView.swift in Sources */ = {isa = PBXBuildFile; fileRef = E33A20BC292665BC00887EC9 /* DividerView.swift */; };
		E33A20CE2926665E00887EC9 /* SnapShotSection.swift in Sources */ = {isa = PBXBuildFile; fileRef = E33A20C22926665E00887EC9 /* SnapShotSection.swift */; };
		E33A20CF2926665E00887EC9 /* DefaultViewController.swift in Sources */ = {isa = PBXBuildFile; fileRef = E33A20C32926665E00887EC9 /* DefaultViewController.swift */; };
		E33A20D02926665E00887EC9 /* UIImage+Resize.swift in Sources */ = {isa = PBXBuildFile; fileRef = E33A20C52926665E00887EC9 /* UIImage+Resize.swift */; };
		E33A20D12926665E00887EC9 /* UIControl+Combine.swift in Sources */ = {isa = PBXBuildFile; fileRef = E33A20C62926665E00887EC9 /* UIControl+Combine.swift */; };
		E33A20D32926665E00887EC9 /* Date+String.swift in Sources */ = {isa = PBXBuildFile; fileRef = E33A20C82926665E00887EC9 /* Date+String.swift */; };
		E33A20D42926665E00887EC9 /* UITextField+Combine.swift in Sources */ = {isa = PBXBuildFile; fileRef = E33A20C92926665E00887EC9 /* UITextField+Combine.swift */; };
		E33A20D52926665E00887EC9 /* UIImage+Custom.swift in Sources */ = {isa = PBXBuildFile; fileRef = E33A20CA2926665E00887EC9 /* UIImage+Custom.swift */; };
		E33A20D62926665E00887EC9 /* UIView+Combine.swift in Sources */ = {isa = PBXBuildFile; fileRef = E33A20CB2926665E00887EC9 /* UIView+Combine.swift */; };
		E33A20D72926665E00887EC9 /* ReusableType.swift in Sources */ = {isa = PBXBuildFile; fileRef = E33A20CD2926665E00887EC9 /* ReusableType.swift */; };
		E33A20DA292667CB00887EC9 /* UIViewController+HideKeyboard.swift in Sources */ = {isa = PBXBuildFile; fileRef = E33A20D9292667CB00887EC9 /* UIViewController+HideKeyboard.swift */; };
		E33A20E82927BADE00887EC9 /* UserRepository.swift in Sources */ = {isa = PBXBuildFile; fileRef = E33A20E72927BADE00887EC9 /* UserRepository.swift */; };
		E33A20EA2927BB1000887EC9 /* User.swift in Sources */ = {isa = PBXBuildFile; fileRef = E33A20E92927BB1000887EC9 /* User.swift */; };
		E359EC7F292C6B4900CE5775 /* DefaultUserRepository.swift in Sources */ = {isa = PBXBuildFile; fileRef = E359EC7E292C6B4900CE5775 /* DefaultUserRepository.swift */; };
		E394C4A1292232630064ADA7 /* PostDetailViewController.swift in Sources */ = {isa = PBXBuildFile; fileRef = E394C4A0292232630064ADA7 /* PostDetailViewController.swift */; };
		E394C4A32922371C0064ADA7 /* PostDetailInfoView.swift in Sources */ = {isa = PBXBuildFile; fileRef = E394C4A22922371C0064ADA7 /* PostDetailInfoView.swift */; };
		E394C4A5292239B00064ADA7 /* PostWriterInfoView.swift in Sources */ = {isa = PBXBuildFile; fileRef = E394C4A4292239B00064ADA7 /* PostWriterInfoView.swift */; };
		E394C4A7292243740064ADA7 /* PostDetailContentsView.swift in Sources */ = {isa = PBXBuildFile; fileRef = E394C4A6292243740064ADA7 /* PostDetailContentsView.swift */; };
		E394C4A9292248BA0064ADA7 /* KeyValueDisplayView.swift in Sources */ = {isa = PBXBuildFile; fileRef = E394C4A8292248BA0064ADA7 /* KeyValueDisplayView.swift */; };
		E394C4AD292262CE0064ADA7 /* PostDetailViewModel.swift in Sources */ = {isa = PBXBuildFile; fileRef = E394C4AC292262CE0064ADA7 /* PostDetailViewModel.swift */; };
		FC07DDB7292C9A7D00D16FBC /* CLLocation+Address.swift in Sources */ = {isa = PBXBuildFile; fileRef = FC07DDB6292C9A7D00D16FBC /* CLLocation+Address.swift */; };
		FC07DDBD292CA90400D16FBC /* FetchGroupUseCase.swift in Sources */ = {isa = PBXBuildFile; fileRef = FC07DDBC292CA90400D16FBC /* FetchGroupUseCase.swift */; };
		FC07DDBF292CAA8200D16FBC /* GroupResponseDTO+Mapping.swift in Sources */ = {isa = PBXBuildFile; fileRef = FC07DDBE292CAA8200D16FBC /* GroupResponseDTO+Mapping.swift */; };
		FC07DDC1292CAEFF00D16FBC /* UserResponseDTO+Mapping.swift in Sources */ = {isa = PBXBuildFile; fileRef = FC07DDC0292CAEFF00D16FBC /* UserResponseDTO+Mapping.swift */; };
		FC1545302923630500A40FD8 /* Message.swift in Sources */ = {isa = PBXBuildFile; fileRef = FC15452F2923630500A40FD8 /* Message.swift */; };
		FC79AEC52922494F0077AE5C /* Group.swift in Sources */ = {isa = PBXBuildFile; fileRef = FC79AEC42922494F0077AE5C /* Group.swift */; };
		FCD8AEE0291CCE9600CCE5D3 /* Assets.xcassets in Resources */ = {isa = PBXBuildFile; fileRef = FCD8AEDF291CCE9600CCE5D3 /* Assets.xcassets */; };
		FCD8AEE3291CCE9600CCE5D3 /* LaunchScreen.storyboard in Resources */ = {isa = PBXBuildFile; fileRef = FCD8AEE1291CCE9600CCE5D3 /* LaunchScreen.storyboard */; };
		FCD8AEEE291CCE9600CCE5D3 /* DevFriendsTests.swift in Sources */ = {isa = PBXBuildFile; fileRef = FCD8AEED291CCE9600CCE5D3 /* DevFriendsTests.swift */; };
		FCD8AEF8291CCE9600CCE5D3 /* DevFriendsUITests.swift in Sources */ = {isa = PBXBuildFile; fileRef = FCD8AEF7291CCE9600CCE5D3 /* DevFriendsUITests.swift */; };
		FCD8AEFA291CCE9600CCE5D3 /* DevFriendsUITestsLaunchTests.swift in Sources */ = {isa = PBXBuildFile; fileRef = FCD8AEF9291CCE9600CCE5D3 /* DevFriendsUITestsLaunchTests.swift */; };
		FCD8AF07291CD10300CCE5D3 /* .swiftlint.yml in Resources */ = {isa = PBXBuildFile; fileRef = FCD8AF06291CD10300CCE5D3 /* .swiftlint.yml */; };
		FCD8AF0A291CDD1A00CCE5D3 /* GoogleService-Info.plist in Resources */ = {isa = PBXBuildFile; fileRef = FCD8AF09291CDD1A00CCE5D3 /* GoogleService-Info.plist */; };
		FCE46BA82928B11700383F6F /* DefaultGroupRepository.swift in Sources */ = {isa = PBXBuildFile; fileRef = FCE46BA72928B11700383F6F /* DefaultGroupRepository.swift */; };
/* End PBXBuildFile section */

/* Begin PBXContainerItemProxy section */
		FCD8AEEA291CCE9600CCE5D3 /* PBXContainerItemProxy */ = {
			isa = PBXContainerItemProxy;
			containerPortal = FCD8AECB291CCE9300CCE5D3 /* Project object */;
			proxyType = 1;
			remoteGlobalIDString = FCD8AED2291CCE9300CCE5D3;
			remoteInfo = DevFriends;
		};
		FCD8AEF4291CCE9600CCE5D3 /* PBXContainerItemProxy */ = {
			isa = PBXContainerItemProxy;
			containerPortal = FCD8AECB291CCE9300CCE5D3 /* Project object */;
			proxyType = 1;
			remoteGlobalIDString = FCD8AED2291CCE9300CCE5D3;
			remoteInfo = DevFriends;
		};
/* End PBXContainerItemProxy section */

/* Begin PBXFileReference section */
		05781360292C934D003DA919 /* DefaultPostDetailUserRepository.swift */ = {isa = PBXFileReference; lastKnownFileType = sourcecode.swift; path = DefaultPostDetailUserRepository.swift; sourceTree = "<group>"; };
		05781366292C948D003DA919 /* DefaultCategoryRepository.swift */ = {isa = PBXFileReference; lastKnownFileType = sourcecode.swift; path = DefaultCategoryRepository.swift; sourceTree = "<group>"; };
		0578136A292CEB46003DA919 /* UserResponseDTO+Mapping.swift */ = {isa = PBXFileReference; lastKnownFileType = sourcecode.swift; path = "UserResponseDTO+Mapping.swift"; sourceTree = "<group>"; };
		0578136C292CF081003DA919 /* GroupResponseDTO+Mapping.swift */ = {isa = PBXFileReference; lastKnownFileType = sourcecode.swift; path = "GroupResponseDTO+Mapping.swift"; sourceTree = "<group>"; };
		0578136E292CF0F4003DA919 /* Location.swift */ = {isa = PBXFileReference; lastKnownFileType = sourcecode.swift; path = Location.swift; sourceTree = "<group>"; };
		05781372292CF26D003DA919 /* CategoryResponseDTO+Mapping.swift */ = {isa = PBXFileReference; lastKnownFileType = sourcecode.swift; path = "CategoryResponseDTO+Mapping.swift"; sourceTree = "<group>"; };
		058DD04829291EB600784AAC /* PostDetailUserRepository.swift */ = {isa = PBXFileReference; lastKnownFileType = sourcecode.swift; path = PostDetailUserRepository.swift; sourceTree = "<group>"; };
		05A8DEC0292B71C200497902 /* User.swift */ = {isa = PBXFileReference; lastKnownFileType = sourcecode.swift; path = User.swift; sourceTree = "<group>"; };
		05A8DEC6292BBF7B00497902 /* Comment.swift */ = {isa = PBXFileReference; lastKnownFileType = sourcecode.swift; path = Comment.swift; sourceTree = "<group>"; };
		05A8DECC292BDFEA00497902 /* CategoryRepository.swift */ = {isa = PBXFileReference; lastKnownFileType = sourcecode.swift; path = CategoryRepository.swift; sourceTree = "<group>"; };
		05A8DED0292BF0EA00497902 /* Category.swift */ = {isa = PBXFileReference; lastKnownFileType = sourcecode.swift; path = Category.swift; sourceTree = "<group>"; };
		05CB4A25292DF11D00A97531 /* CategoryResponseDTO+Mapping.swift */ = {isa = PBXFileReference; fileEncoding = 4; lastKnownFileType = sourcecode.swift; path = "CategoryResponseDTO+Mapping.swift"; sourceTree = "<group>"; };
		05CB4A26292DF11E00A97531 /* CommentResponseDTO+Mapping.swift */ = {isa = PBXFileReference; fileEncoding = 4; lastKnownFileType = sourcecode.swift; path = "CommentResponseDTO+Mapping.swift"; sourceTree = "<group>"; };
		05CB4A29292DF13500A97531 /* DefaultCategoryRepository.swift */ = {isa = PBXFileReference; fileEncoding = 4; lastKnownFileType = sourcecode.swift; path = DefaultCategoryRepository.swift; sourceTree = "<group>"; };
		05CB4A2A292DF13500A97531 /* DefaultGroupCommentRepository.swift */ = {isa = PBXFileReference; fileEncoding = 4; lastKnownFileType = sourcecode.swift; path = DefaultGroupCommentRepository.swift; sourceTree = "<group>"; };
		05CB4A30292DF15100A97531 /* GroupCommentRepository.swift */ = {isa = PBXFileReference; fileEncoding = 4; lastKnownFileType = sourcecode.swift; path = GroupCommentRepository.swift; sourceTree = "<group>"; };
		05CB4A31292DF15100A97531 /* CategoryRepository.swift */ = {isa = PBXFileReference; fileEncoding = 4; lastKnownFileType = sourcecode.swift; path = CategoryRepository.swift; sourceTree = "<group>"; };
		05CB4A35292DF16800A97531 /* FetchCategoryUseCase.swift */ = {isa = PBXFileReference; fileEncoding = 4; lastKnownFileType = sourcecode.swift; path = FetchCategoryUseCase.swift; sourceTree = "<group>"; };
		05CB4A36292DF16900A97531 /* FetchUserUseCase.swift */ = {isa = PBXFileReference; fileEncoding = 4; lastKnownFileType = sourcecode.swift; path = FetchUserUseCase.swift; sourceTree = "<group>"; };
		05CB4A37292DF16900A97531 /* FetchCommentsUseCase.swift */ = {isa = PBXFileReference; fileEncoding = 4; lastKnownFileType = sourcecode.swift; path = FetchCommentsUseCase.swift; sourceTree = "<group>"; };
		05CB4A3B292DF17B00A97531 /* Category.swift */ = {isa = PBXFileReference; fileEncoding = 4; lastKnownFileType = sourcecode.swift; path = Category.swift; sourceTree = "<group>"; };
		05CB4A3C292DF17C00A97531 /* Comment.swift */ = {isa = PBXFileReference; fileEncoding = 4; lastKnownFileType = sourcecode.swift; path = Comment.swift; sourceTree = "<group>"; };
		08AB74F8E8B5617454A9F712 /* Pods-DevFriends.debug.xcconfig */ = {isa = PBXFileReference; includeInIndex = 1; lastKnownFileType = text.xcconfig; name = "Pods-DevFriends.debug.xcconfig"; path = "Target Support Files/Pods-DevFriends/Pods-DevFriends.debug.xcconfig"; sourceTree = "<group>"; };
		09DCCC336F94BF94419174FD /* Pods_DevFriendsTests.framework */ = {isa = PBXFileReference; explicitFileType = wrapper.framework; includeInIndex = 0; path = Pods_DevFriendsTests.framework; sourceTree = BUILT_PRODUCTS_DIR; };
		145B123E59BCFE5B52B1B836 /* Pods_DevFriends_DevFriendsUITests.framework */ = {isa = PBXFileReference; explicitFileType = wrapper.framework; includeInIndex = 0; path = Pods_DevFriends_DevFriendsUITests.framework; sourceTree = BUILT_PRODUCTS_DIR; };
		2BF1D9232294B07D8FD14AFD /* Pods-DevFriendsTests.debug.xcconfig */ = {isa = PBXFileReference; includeInIndex = 1; lastKnownFileType = text.xcconfig; name = "Pods-DevFriendsTests.debug.xcconfig"; path = "Target Support Files/Pods-DevFriendsTests/Pods-DevFriendsTests.debug.xcconfig"; sourceTree = "<group>"; };
		4D8D0F69C738DCA15C0B25EF /* Pods-DevFriends-DevFriendsUITests.release.xcconfig */ = {isa = PBXFileReference; includeInIndex = 1; lastKnownFileType = text.xcconfig; name = "Pods-DevFriends-DevFriendsUITests.release.xcconfig"; path = "Target Support Files/Pods-DevFriends-DevFriendsUITests/Pods-DevFriends-DevFriendsUITests.release.xcconfig"; sourceTree = "<group>"; };
		6D508A33F60F395002118917 /* Pods_DevFriends.framework */ = {isa = PBXFileReference; explicitFileType = wrapper.framework; includeInIndex = 0; path = Pods_DevFriends.framework; sourceTree = BUILT_PRODUCTS_DIR; };
		837D31618E31BF1C7C65D48C /* Pods-DevFriendsTests.release.xcconfig */ = {isa = PBXFileReference; includeInIndex = 1; lastKnownFileType = text.xcconfig; name = "Pods-DevFriendsTests.release.xcconfig"; path = "Target Support Files/Pods-DevFriendsTests/Pods-DevFriendsTests.release.xcconfig"; sourceTree = "<group>"; };
		9A479E087E3E3E0E8DFBFF7B /* Pods-DevFriends-DevFriendsUITests.debug.xcconfig */ = {isa = PBXFileReference; includeInIndex = 1; lastKnownFileType = text.xcconfig; name = "Pods-DevFriends-DevFriendsUITests.debug.xcconfig"; path = "Target Support Files/Pods-DevFriends-DevFriendsUITests/Pods-DevFriends-DevFriendsUITests.debug.xcconfig"; sourceTree = "<group>"; };
		9C8D73A43F6124E9E2A99737 /* Pods-DevFriends.release.xcconfig */ = {isa = PBXFileReference; includeInIndex = 1; lastKnownFileType = text.xcconfig; name = "Pods-DevFriends.release.xcconfig"; path = "Target Support Files/Pods-DevFriends/Pods-DevFriends.release.xcconfig"; sourceTree = "<group>"; };
		A648BB1C292E1B1C0018A654 /* CLLocation+Distance.swift */ = {isa = PBXFileReference; lastKnownFileType = sourcecode.swift; path = "CLLocation+Distance.swift"; sourceTree = "<group>"; };
		A648BB1E292E1B930018A654 /* ChatViewModel.swift */ = {isa = PBXFileReference; lastKnownFileType = sourcecode.swift; path = ChatViewModel.swift; sourceTree = "<group>"; };
		A648BB22292E1C060018A654 /* ChatContentViewModel.swift */ = {isa = PBXFileReference; lastKnownFileType = sourcecode.swift; path = ChatContentViewModel.swift; sourceTree = "<group>"; };
		A648BB24292E1D6F0018A654 /* Filter.swift */ = {isa = PBXFileReference; fileEncoding = 4; lastKnownFileType = sourcecode.swift; path = Filter.swift; sourceTree = "<group>"; };
		A66C7BB1292E180A0008B6FD /* MessageResponseDTO+Mapping.swift */ = {isa = PBXFileReference; lastKnownFileType = sourcecode.swift; path = "MessageResponseDTO+Mapping.swift"; sourceTree = "<group>"; };
		A66C7BB5292E18CF0008B6FD /* DefaultChatGroupsRepository.swift */ = {isa = PBXFileReference; lastKnownFileType = sourcecode.swift; path = DefaultChatGroupsRepository.swift; sourceTree = "<group>"; };
		A66C7BB7292E18F30008B6FD /* DefaultChatMessagesRepository.swift */ = {isa = PBXFileReference; lastKnownFileType = sourcecode.swift; path = DefaultChatMessagesRepository.swift; sourceTree = "<group>"; };
		A66C7BB9292E19210008B6FD /* ContainsFirestore.swift */ = {isa = PBXFileReference; lastKnownFileType = sourcecode.swift; path = ContainsFirestore.swift; sourceTree = "<group>"; };
		A66C7BBB292E19450008B6FD /* GroupRepository.swift */ = {isa = PBXFileReference; lastKnownFileType = sourcecode.swift; path = GroupRepository.swift; sourceTree = "<group>"; };
		A66C7BBD292E19660008B6FD /* ChatGroupsRepository.swift */ = {isa = PBXFileReference; lastKnownFileType = sourcecode.swift; path = ChatGroupsRepository.swift; sourceTree = "<group>"; };
		A66C7BBF292E19830008B6FD /* ChatMessagesRepository.swift */ = {isa = PBXFileReference; lastKnownFileType = sourcecode.swift; path = ChatMessagesRepository.swift; sourceTree = "<group>"; };
		A66C7BC1292E19A60008B6FD /* LoadChatGroupsUseCase.swift */ = {isa = PBXFileReference; lastKnownFileType = sourcecode.swift; path = LoadChatGroupsUseCase.swift; sourceTree = "<group>"; };
		A66C7BC3292E19C70008B6FD /* SaveGroupUseCase.swift */ = {isa = PBXFileReference; lastKnownFileType = sourcecode.swift; path = SaveGroupUseCase.swift; sourceTree = "<group>"; };
		A66C7BC5292E19F60008B6FD /* LoadChatMessagesUseCase.swift */ = {isa = PBXFileReference; lastKnownFileType = sourcecode.swift; path = LoadChatMessagesUseCase.swift; sourceTree = "<group>"; };
		A66C7BC7292E1A160008B6FD /* SendChatMessagesUseCase.swift */ = {isa = PBXFileReference; lastKnownFileType = sourcecode.swift; path = SendChatMessagesUseCase.swift; sourceTree = "<group>"; };
		A66C7BC9292E1A460008B6FD /* Location.swift */ = {isa = PBXFileReference; lastKnownFileType = sourcecode.swift; path = Location.swift; sourceTree = "<group>"; };
		A66C7BCD292E1A9B0008B6FD /* GroupListSection.swift */ = {isa = PBXFileReference; fileEncoding = 4; lastKnownFileType = sourcecode.swift; path = GroupListSection.swift; sourceTree = "<group>"; };
		A66C7BCE292E1A9B0008B6FD /* GroupListViewController.swift */ = {isa = PBXFileReference; fileEncoding = 4; lastKnownFileType = sourcecode.swift; path = GroupListViewController.swift; sourceTree = "<group>"; };
		A66C7BCF292E1A9B0008B6FD /* GroupFilterViewControllerDelegate.swift */ = {isa = PBXFileReference; fileEncoding = 4; lastKnownFileType = sourcecode.swift; path = GroupFilterViewControllerDelegate.swift; sourceTree = "<group>"; };
		A66C7BD0292E1A9B0008B6FD /* GroupFilterViewController.swift */ = {isa = PBXFileReference; fileEncoding = 4; lastKnownFileType = sourcecode.swift; path = GroupFilterViewController.swift; sourceTree = "<group>"; };
		A66C7BD2292E1A9B0008B6FD /* GroupFilterViewModelType.swift */ = {isa = PBXFileReference; fileEncoding = 4; lastKnownFileType = sourcecode.swift; path = GroupFilterViewModelType.swift; sourceTree = "<group>"; };
		A66C7BD3292E1A9B0008B6FD /* GroupListViewModelType.swift */ = {isa = PBXFileReference; fileEncoding = 4; lastKnownFileType = sourcecode.swift; path = GroupListViewModelType.swift; sourceTree = "<group>"; };
		A66C7BD4292E1A9B0008B6FD /* GroupListViewModel.swift */ = {isa = PBXFileReference; fileEncoding = 4; lastKnownFileType = sourcecode.swift; path = GroupListViewModel.swift; sourceTree = "<group>"; };
		A66C7BD5292E1A9B0008B6FD /* GroupFilterViewModel.swift */ = {isa = PBXFileReference; fileEncoding = 4; lastKnownFileType = sourcecode.swift; path = GroupFilterViewModel.swift; sourceTree = "<group>"; };
		E33A2024292319C700887EC9 /* PostDetailCommentView.swift */ = {isa = PBXFileReference; lastKnownFileType = sourcecode.swift; path = PostDetailCommentView.swift; sourceTree = "<group>"; };
		E33A202729235A3D00887EC9 /* PostAttentionView.swift */ = {isa = PBXFileReference; lastKnownFileType = sourcecode.swift; path = PostAttentionView.swift; sourceTree = "<group>"; };
		E33A202B2923D7FC00887EC9 /* PostReportViewController.swift */ = {isa = PBXFileReference; lastKnownFileType = sourcecode.swift; path = PostReportViewController.swift; sourceTree = "<group>"; };
		E33A202D2923DADD00887EC9 /* ReportView.swift */ = {isa = PBXFileReference; lastKnownFileType = sourcecode.swift; path = ReportView.swift; sourceTree = "<group>"; };
		E33A20352924E9FB00887EC9 /* CommentTableViewCell.swift */ = {isa = PBXFileReference; lastKnownFileType = sourcecode.swift; path = CommentTableViewCell.swift; sourceTree = "<group>"; };
		E33A20732926621F00887EC9 /* ChatViewController.swift */ = {isa = PBXFileReference; fileEncoding = 4; lastKnownFileType = sourcecode.swift; path = ChatViewController.swift; sourceTree = "<group>"; };
		E33A20742926621F00887EC9 /* ChatTableViewCell.swift */ = {isa = PBXFileReference; fileEncoding = 4; lastKnownFileType = sourcecode.swift; path = ChatTableViewCell.swift; sourceTree = "<group>"; };
		E33A20772926621F00887EC9 /* FriendMessageTableViewCell.swift */ = {isa = PBXFileReference; fileEncoding = 4; lastKnownFileType = sourcecode.swift; path = FriendMessageTableViewCell.swift; sourceTree = "<group>"; };
		E33A20782926621F00887EC9 /* MessageLabel.swift */ = {isa = PBXFileReference; fileEncoding = 4; lastKnownFileType = sourcecode.swift; path = MessageLabel.swift; sourceTree = "<group>"; };
		E33A20792926621F00887EC9 /* ContainsProfile.swift */ = {isa = PBXFileReference; fileEncoding = 4; lastKnownFileType = sourcecode.swift; path = ContainsProfile.swift; sourceTree = "<group>"; };
		E33A207A2926621F00887EC9 /* MessageCellType.swift */ = {isa = PBXFileReference; fileEncoding = 4; lastKnownFileType = sourcecode.swift; path = MessageCellType.swift; sourceTree = "<group>"; };
		E33A207B2926621F00887EC9 /* ChatContentViewController.swift */ = {isa = PBXFileReference; fileEncoding = 4; lastKnownFileType = sourcecode.swift; path = ChatContentViewController.swift; sourceTree = "<group>"; };
		E33A207C2926621F00887EC9 /* ContainsTime.swift */ = {isa = PBXFileReference; fileEncoding = 4; lastKnownFileType = sourcecode.swift; path = ContainsTime.swift; sourceTree = "<group>"; };
		E33A207D2926621F00887EC9 /* MyMessageTableViewCell.swift */ = {isa = PBXFileReference; fileEncoding = 4; lastKnownFileType = sourcecode.swift; path = MyMessageTableViewCell.swift; sourceTree = "<group>"; };
		E33A207F2926621F00887EC9 /* ChatViewCoordinator.swift */ = {isa = PBXFileReference; fileEncoding = 4; lastKnownFileType = sourcecode.swift; path = ChatViewCoordinator.swift; sourceTree = "<group>"; };
		E33A20802926621F00887EC9 /* ChatCoordinator.swift */ = {isa = PBXFileReference; fileEncoding = 4; lastKnownFileType = sourcecode.swift; path = ChatCoordinator.swift; sourceTree = "<group>"; };
		E33A208E2926623200887EC9 /* MogakcoViewModel.swift */ = {isa = PBXFileReference; fileEncoding = 4; lastKnownFileType = sourcecode.swift; path = MogakcoViewModel.swift; sourceTree = "<group>"; };
		E33A20902926623200887EC9 /* MogakcoViewController.swift */ = {isa = PBXFileReference; fileEncoding = 4; lastKnownFileType = sourcecode.swift; path = MogakcoViewController.swift; sourceTree = "<group>"; };
		E33A20912926623200887EC9 /* MogakcoModalViewController.swift */ = {isa = PBXFileReference; fileEncoding = 4; lastKnownFileType = sourcecode.swift; path = MogakcoModalViewController.swift; sourceTree = "<group>"; };
		E33A20A0292662E500887EC9 /* AppDIContainer.swift */ = {isa = PBXFileReference; fileEncoding = 4; lastKnownFileType = sourcecode.swift; path = AppDIContainer.swift; sourceTree = "<group>"; };
		E33A20A1292662E500887EC9 /* ChatSceneDIContainer.swift */ = {isa = PBXFileReference; fileEncoding = 4; lastKnownFileType = sourcecode.swift; path = ChatSceneDIContainer.swift; sourceTree = "<group>"; };
		E33A20A2292662E500887EC9 /* AppDelegate.swift */ = {isa = PBXFileReference; fileEncoding = 4; lastKnownFileType = sourcecode.swift; path = AppDelegate.swift; sourceTree = "<group>"; };
		E33A20A3292662E500887EC9 /* SceneDelegate.swift */ = {isa = PBXFileReference; fileEncoding = 4; lastKnownFileType = sourcecode.swift; path = SceneDelegate.swift; sourceTree = "<group>"; };
		E33A20AB2926639400887EC9 /* AppFlowCoordinator.swift */ = {isa = PBXFileReference; lastKnownFileType = sourcecode.swift; path = AppFlowCoordinator.swift; sourceTree = "<group>"; };
		E33A20AF292665A700887EC9 /* GroupCollectionViewCell.swift */ = {isa = PBXFileReference; fileEncoding = 4; lastKnownFileType = sourcecode.swift; path = GroupCollectionViewCell.swift; sourceTree = "<group>"; };
		E33A20B0292665A700887EC9 /* GroupCollectionHeaderView.swift */ = {isa = PBXFileReference; fileEncoding = 4; lastKnownFileType = sourcecode.swift; path = GroupCollectionHeaderView.swift; sourceTree = "<group>"; };
		E33A20B1292665A700887EC9 /* SendableTextView.swift */ = {isa = PBXFileReference; fileEncoding = 4; lastKnownFileType = sourcecode.swift; path = SendableTextView.swift; sourceTree = "<group>"; };
		E33A20B2292665A700887EC9 /* GroupFilterCollectionHeaderView.swift */ = {isa = PBXFileReference; fileEncoding = 4; lastKnownFileType = sourcecode.swift; path = GroupFilterCollectionHeaderView.swift; sourceTree = "<group>"; };
		E33A20B3292665A700887EC9 /* GroupFilterCollectionViewCell.swift */ = {isa = PBXFileReference; fileEncoding = 4; lastKnownFileType = sourcecode.swift; path = GroupFilterCollectionViewCell.swift; sourceTree = "<group>"; };
		E33A20B9292665BC00887EC9 /* CommonButton.swift */ = {isa = PBXFileReference; fileEncoding = 4; lastKnownFileType = sourcecode.swift; path = CommonButton.swift; sourceTree = "<group>"; };
		E33A20BA292665BC00887EC9 /* CommonTextField.swift */ = {isa = PBXFileReference; fileEncoding = 4; lastKnownFileType = sourcecode.swift; path = CommonTextField.swift; sourceTree = "<group>"; };
		E33A20BB292665BC00887EC9 /* FilledRoundTextLabel.swift */ = {isa = PBXFileReference; fileEncoding = 4; lastKnownFileType = sourcecode.swift; path = FilledRoundTextLabel.swift; sourceTree = "<group>"; };
		E33A20BC292665BC00887EC9 /* DividerView.swift */ = {isa = PBXFileReference; fileEncoding = 4; lastKnownFileType = sourcecode.swift; path = DividerView.swift; sourceTree = "<group>"; };
		E33A20C22926665E00887EC9 /* SnapShotSection.swift */ = {isa = PBXFileReference; fileEncoding = 4; lastKnownFileType = sourcecode.swift; path = SnapShotSection.swift; sourceTree = "<group>"; };
		E33A20C32926665E00887EC9 /* DefaultViewController.swift */ = {isa = PBXFileReference; fileEncoding = 4; lastKnownFileType = sourcecode.swift; path = DefaultViewController.swift; sourceTree = "<group>"; };
		E33A20C52926665E00887EC9 /* UIImage+Resize.swift */ = {isa = PBXFileReference; fileEncoding = 4; lastKnownFileType = sourcecode.swift; path = "UIImage+Resize.swift"; sourceTree = "<group>"; };
		E33A20C62926665E00887EC9 /* UIControl+Combine.swift */ = {isa = PBXFileReference; fileEncoding = 4; lastKnownFileType = sourcecode.swift; path = "UIControl+Combine.swift"; sourceTree = "<group>"; };
		E33A20C82926665E00887EC9 /* Date+String.swift */ = {isa = PBXFileReference; fileEncoding = 4; lastKnownFileType = sourcecode.swift; path = "Date+String.swift"; sourceTree = "<group>"; };
		E33A20C92926665E00887EC9 /* UITextField+Combine.swift */ = {isa = PBXFileReference; fileEncoding = 4; lastKnownFileType = sourcecode.swift; path = "UITextField+Combine.swift"; sourceTree = "<group>"; };
		E33A20CA2926665E00887EC9 /* UIImage+Custom.swift */ = {isa = PBXFileReference; fileEncoding = 4; lastKnownFileType = sourcecode.swift; path = "UIImage+Custom.swift"; sourceTree = "<group>"; };
		E33A20CB2926665E00887EC9 /* UIView+Combine.swift */ = {isa = PBXFileReference; fileEncoding = 4; lastKnownFileType = sourcecode.swift; path = "UIView+Combine.swift"; sourceTree = "<group>"; };
		E33A20CD2926665E00887EC9 /* ReusableType.swift */ = {isa = PBXFileReference; fileEncoding = 4; lastKnownFileType = sourcecode.swift; path = ReusableType.swift; sourceTree = "<group>"; };
		E33A20D9292667CB00887EC9 /* UIViewController+HideKeyboard.swift */ = {isa = PBXFileReference; lastKnownFileType = sourcecode.swift; path = "UIViewController+HideKeyboard.swift"; sourceTree = "<group>"; };
		E33A20E72927BADE00887EC9 /* UserRepository.swift */ = {isa = PBXFileReference; lastKnownFileType = sourcecode.swift; path = UserRepository.swift; sourceTree = "<group>"; };
		E33A20E92927BB1000887EC9 /* User.swift */ = {isa = PBXFileReference; lastKnownFileType = sourcecode.swift; path = User.swift; sourceTree = "<group>"; };
		E359EC7E292C6B4900CE5775 /* DefaultUserRepository.swift */ = {isa = PBXFileReference; lastKnownFileType = sourcecode.swift; path = DefaultUserRepository.swift; sourceTree = "<group>"; };
		E394C4A0292232630064ADA7 /* PostDetailViewController.swift */ = {isa = PBXFileReference; lastKnownFileType = sourcecode.swift; path = PostDetailViewController.swift; sourceTree = "<group>"; };
		E394C4A22922371C0064ADA7 /* PostDetailInfoView.swift */ = {isa = PBXFileReference; lastKnownFileType = sourcecode.swift; path = PostDetailInfoView.swift; sourceTree = "<group>"; };
		E394C4A4292239B00064ADA7 /* PostWriterInfoView.swift */ = {isa = PBXFileReference; lastKnownFileType = sourcecode.swift; path = PostWriterInfoView.swift; sourceTree = "<group>"; };
		E394C4A6292243740064ADA7 /* PostDetailContentsView.swift */ = {isa = PBXFileReference; lastKnownFileType = sourcecode.swift; path = PostDetailContentsView.swift; sourceTree = "<group>"; };
		E394C4A8292248BA0064ADA7 /* KeyValueDisplayView.swift */ = {isa = PBXFileReference; lastKnownFileType = sourcecode.swift; path = KeyValueDisplayView.swift; sourceTree = "<group>"; };
		E394C4AC292262CE0064ADA7 /* PostDetailViewModel.swift */ = {isa = PBXFileReference; lastKnownFileType = sourcecode.swift; path = PostDetailViewModel.swift; sourceTree = "<group>"; };
		FC07DDB6292C9A7D00D16FBC /* CLLocation+Address.swift */ = {isa = PBXFileReference; lastKnownFileType = sourcecode.swift; path = "CLLocation+Address.swift"; sourceTree = "<group>"; };
		FC07DDBC292CA90400D16FBC /* FetchGroupUseCase.swift */ = {isa = PBXFileReference; fileEncoding = 4; lastKnownFileType = sourcecode.swift; path = FetchGroupUseCase.swift; sourceTree = "<group>"; };
		FC07DDBE292CAA8200D16FBC /* GroupResponseDTO+Mapping.swift */ = {isa = PBXFileReference; lastKnownFileType = sourcecode.swift; path = "GroupResponseDTO+Mapping.swift"; sourceTree = "<group>"; };
		FC07DDC0292CAEFF00D16FBC /* UserResponseDTO+Mapping.swift */ = {isa = PBXFileReference; lastKnownFileType = sourcecode.swift; path = "UserResponseDTO+Mapping.swift"; sourceTree = "<group>"; };
		FC15452D2923581300A40FD8 /* AppFlowCoordinator.swift */ = {isa = PBXFileReference; lastKnownFileType = sourcecode.swift; path = AppFlowCoordinator.swift; sourceTree = "<group>"; };
		FC15452F2923630500A40FD8 /* Message.swift */ = {isa = PBXFileReference; lastKnownFileType = sourcecode.swift; path = Message.swift; sourceTree = "<group>"; };
		FC79AEC42922494F0077AE5C /* Group.swift */ = {isa = PBXFileReference; lastKnownFileType = sourcecode.swift; path = Group.swift; sourceTree = "<group>"; };
		FCA285852929E79F0066FD86 /* SaveGroupUseCase.swift */ = {isa = PBXFileReference; lastKnownFileType = sourcecode.swift; path = SaveGroupUseCase.swift; sourceTree = "<group>"; };
		FCD8AED3291CCE9300CCE5D3 /* DevFriends.app */ = {isa = PBXFileReference; explicitFileType = wrapper.application; includeInIndex = 0; path = DevFriends.app; sourceTree = BUILT_PRODUCTS_DIR; };
		FCD8AEDF291CCE9600CCE5D3 /* Assets.xcassets */ = {isa = PBXFileReference; lastKnownFileType = folder.assetcatalog; path = Assets.xcassets; sourceTree = "<group>"; };
		FCD8AEE2291CCE9600CCE5D3 /* Base */ = {isa = PBXFileReference; lastKnownFileType = file.storyboard; name = Base; path = Base.lproj/LaunchScreen.storyboard; sourceTree = "<group>"; };
		FCD8AEE4291CCE9600CCE5D3 /* Info.plist */ = {isa = PBXFileReference; lastKnownFileType = text.plist.xml; path = Info.plist; sourceTree = "<group>"; };
		FCD8AEE9291CCE9600CCE5D3 /* DevFriendsTests.xctest */ = {isa = PBXFileReference; explicitFileType = wrapper.cfbundle; includeInIndex = 0; path = DevFriendsTests.xctest; sourceTree = BUILT_PRODUCTS_DIR; };
		FCD8AEED291CCE9600CCE5D3 /* DevFriendsTests.swift */ = {isa = PBXFileReference; lastKnownFileType = sourcecode.swift; path = DevFriendsTests.swift; sourceTree = "<group>"; };
		FCD8AEF3291CCE9600CCE5D3 /* DevFriendsUITests.xctest */ = {isa = PBXFileReference; explicitFileType = wrapper.cfbundle; includeInIndex = 0; path = DevFriendsUITests.xctest; sourceTree = BUILT_PRODUCTS_DIR; };
		FCD8AEF7291CCE9600CCE5D3 /* DevFriendsUITests.swift */ = {isa = PBXFileReference; lastKnownFileType = sourcecode.swift; path = DevFriendsUITests.swift; sourceTree = "<group>"; };
		FCD8AEF9291CCE9600CCE5D3 /* DevFriendsUITestsLaunchTests.swift */ = {isa = PBXFileReference; lastKnownFileType = sourcecode.swift; path = DevFriendsUITestsLaunchTests.swift; sourceTree = "<group>"; };
		FCD8AF06291CD10300CCE5D3 /* .swiftlint.yml */ = {isa = PBXFileReference; lastKnownFileType = text.yaml; path = .swiftlint.yml; sourceTree = "<group>"; };
		FCD8AF09291CDD1A00CCE5D3 /* GoogleService-Info.plist */ = {isa = PBXFileReference; fileEncoding = 4; lastKnownFileType = text.plist.xml; path = "GoogleService-Info.plist"; sourceTree = "<group>"; };
		FCE46BA72928B11700383F6F /* DefaultGroupRepository.swift */ = {isa = PBXFileReference; lastKnownFileType = sourcecode.swift; path = DefaultGroupRepository.swift; sourceTree = "<group>"; };
		FCE46BA92928C97100383F6F /* GroupRepository.swift */ = {isa = PBXFileReference; lastKnownFileType = sourcecode.swift; path = GroupRepository.swift; sourceTree = "<group>"; };
		FCE46BAB2928C9B700383F6F /* FetchGroupUseCase.swift */ = {isa = PBXFileReference; lastKnownFileType = sourcecode.swift; path = FetchGroupUseCase.swift; sourceTree = "<group>"; };
/* End PBXFileReference section */

/* Begin PBXFrameworksBuildPhase section */
		FCD8AED0291CCE9300CCE5D3 /* Frameworks */ = {
			isa = PBXFrameworksBuildPhase;
			buildActionMask = 2147483647;
			files = (
				D6CEFA459392B61254369D07 /* Pods_DevFriends.framework in Frameworks */,
			);
			runOnlyForDeploymentPostprocessing = 0;
		};
		FCD8AEE6291CCE9600CCE5D3 /* Frameworks */ = {
			isa = PBXFrameworksBuildPhase;
			buildActionMask = 2147483647;
			files = (
				4809720EDCD7BADB2BBB038E /* Pods_DevFriendsTests.framework in Frameworks */,
			);
			runOnlyForDeploymentPostprocessing = 0;
		};
		FCD8AEF0291CCE9600CCE5D3 /* Frameworks */ = {
			isa = PBXFrameworksBuildPhase;
			buildActionMask = 2147483647;
			files = (
				62E0CAA405C03F503EEF9A70 /* Pods_DevFriends_DevFriendsUITests.framework in Frameworks */,
			);
			runOnlyForDeploymentPostprocessing = 0;
		};
/* End PBXFrameworksBuildPhase section */

/* Begin PBXGroup section */
		2F8D43D69DE6A399FD792CD1 /* Frameworks */ = {
			isa = PBXGroup;
			children = (
				6D508A33F60F395002118917 /* Pods_DevFriends.framework */,
				145B123E59BCFE5B52B1B836 /* Pods_DevFriends_DevFriendsUITests.framework */,
				09DCCC336F94BF94419174FD /* Pods_DevFriendsTests.framework */,
			);
			name = Frameworks;
			sourceTree = "<group>";
		};
		A66C7BCC292E1A9B0008B6FD /* View */ = {
			isa = PBXGroup;
			children = (
				A66C7BCD292E1A9B0008B6FD /* GroupListSection.swift */,
				A66C7BCE292E1A9B0008B6FD /* GroupListViewController.swift */,
				A66C7BCF292E1A9B0008B6FD /* GroupFilterViewControllerDelegate.swift */,
				A66C7BD0292E1A9B0008B6FD /* GroupFilterViewController.swift */,
			);
			path = View;
			sourceTree = "<group>";
		};
		A66C7BD1292E1A9B0008B6FD /* ViewModel */ = {
			isa = PBXGroup;
			children = (
				A66C7BD2292E1A9B0008B6FD /* GroupFilterViewModelType.swift */,
				A66C7BD3292E1A9B0008B6FD /* GroupListViewModelType.swift */,
				A66C7BD4292E1A9B0008B6FD /* GroupListViewModel.swift */,
				A66C7BD5292E1A9B0008B6FD /* GroupFilterViewModel.swift */,
			);
			path = ViewModel;
			sourceTree = "<group>";
		};
		D3ED73830EEA4BDA2E80A9AC /* Pods */ = {
			isa = PBXGroup;
			children = (
				08AB74F8E8B5617454A9F712 /* Pods-DevFriends.debug.xcconfig */,
				9C8D73A43F6124E9E2A99737 /* Pods-DevFriends.release.xcconfig */,
				9A479E087E3E3E0E8DFBFF7B /* Pods-DevFriends-DevFriendsUITests.debug.xcconfig */,
				4D8D0F69C738DCA15C0B25EF /* Pods-DevFriends-DevFriendsUITests.release.xcconfig */,
				2BF1D9232294B07D8FD14AFD /* Pods-DevFriendsTests.debug.xcconfig */,
				837D31618E31BF1C7C65D48C /* Pods-DevFriendsTests.release.xcconfig */,
			);
			path = Pods;
			sourceTree = "<group>";
		};
		E33A204729265A4300887EC9 /* Recovered References */ = {
			isa = PBXGroup;
			children = (
				FC15452D2923581300A40FD8 /* AppFlowCoordinator.swift */,
				FCE46BAB2928C9B700383F6F /* FetchGroupUseCase.swift */,
				FCE46BA92928C97100383F6F /* GroupRepository.swift */,
				FCA285852929E79F0066FD86 /* SaveGroupUseCase.swift */,
				05A8DEC0292B71C200497902 /* User.swift */,
				05781372292CF26D003DA919 /* CategoryResponseDTO+Mapping.swift */,
				058DD04829291EB600784AAC /* PostDetailUserRepository.swift */,
				0578136E292CF0F4003DA919 /* Location.swift */,
				05A8DED0292BF0EA00497902 /* Category.swift */,
				0578136A292CEB46003DA919 /* UserResponseDTO+Mapping.swift */,
				05781366292C948D003DA919 /* DefaultCategoryRepository.swift */,
				05781360292C934D003DA919 /* DefaultPostDetailUserRepository.swift */,
				05A8DECC292BDFEA00497902 /* CategoryRepository.swift */,
				05A8DEC6292BBF7B00497902 /* Comment.swift */,
				0578136C292CF081003DA919 /* GroupResponseDTO+Mapping.swift */,
			);
			name = "Recovered References";
			sourceTree = "<group>";
		};
		E33A20702926621F00887EC9 /* ChatScene */ = {
			isa = PBXGroup;
			children = (
				E33A20712926621F00887EC9 /* Chat */,
				E33A20752926621F00887EC9 /* ChatContent */,
				E33A207E2926621F00887EC9 /* Flows */,
			);
			path = ChatScene;
			sourceTree = "<group>";
		};
		E33A20712926621F00887EC9 /* Chat */ = {
			isa = PBXGroup;
			children = (
				E33A20DB2927656C00887EC9 /* ViewModel */,
				E33A20722926621F00887EC9 /* View */,
			);
			path = Chat;
			sourceTree = "<group>";
		};
		E33A20722926621F00887EC9 /* View */ = {
			isa = PBXGroup;
			children = (
				E33A20732926621F00887EC9 /* ChatViewController.swift */,
				E33A20742926621F00887EC9 /* ChatTableViewCell.swift */,
			);
			path = View;
			sourceTree = "<group>";
		};
		E33A20752926621F00887EC9 /* ChatContent */ = {
			isa = PBXGroup;
			children = (
				E33A20DC2927657600887EC9 /* ViewModel */,
				E33A20762926621F00887EC9 /* View */,
			);
			path = ChatContent;
			sourceTree = "<group>";
		};
		E33A20762926621F00887EC9 /* View */ = {
			isa = PBXGroup;
			children = (
				E33A207B2926621F00887EC9 /* ChatContentViewController.swift */,
				E33A20772926621F00887EC9 /* FriendMessageTableViewCell.swift */,
				E33A207D2926621F00887EC9 /* MyMessageTableViewCell.swift */,
				E33A20782926621F00887EC9 /* MessageLabel.swift */,
				E33A20792926621F00887EC9 /* ContainsProfile.swift */,
				E33A207A2926621F00887EC9 /* MessageCellType.swift */,
				E33A207C2926621F00887EC9 /* ContainsTime.swift */,
			);
			path = View;
			sourceTree = "<group>";
		};
		E33A207E2926621F00887EC9 /* Flows */ = {
			isa = PBXGroup;
			children = (
				E33A207F2926621F00887EC9 /* ChatViewCoordinator.swift */,
				E33A20802926621F00887EC9 /* ChatCoordinator.swift */,
			);
			path = Flows;
			sourceTree = "<group>";
		};
		E33A208C2926623200887EC9 /* MogakcoScene */ = {
			isa = PBXGroup;
			children = (
				E33A208D2926623200887EC9 /* ViewModel */,
				E33A208F2926623200887EC9 /* View */,
			);
			path = MogakcoScene;
			sourceTree = "<group>";
		};
		E33A208D2926623200887EC9 /* ViewModel */ = {
			isa = PBXGroup;
			children = (
				E33A208E2926623200887EC9 /* MogakcoViewModel.swift */,
			);
			path = ViewModel;
			sourceTree = "<group>";
		};
		E33A208F2926623200887EC9 /* View */ = {
			isa = PBXGroup;
			children = (
				E33A20902926623200887EC9 /* MogakcoViewController.swift */,
				E33A20912926623200887EC9 /* MogakcoModalViewController.swift */,
			);
			path = View;
			sourceTree = "<group>";
		};
		E33A209D292662E500887EC9 /* Application */ = {
			isa = PBXGroup;
			children = (
				E33A209F292662E500887EC9 /* DIContainer */,
				E33A20A2292662E500887EC9 /* AppDelegate.swift */,
				E33A20A3292662E500887EC9 /* SceneDelegate.swift */,
				E33A20AB2926639400887EC9 /* AppFlowCoordinator.swift */,
			);
			path = Application;
			sourceTree = "<group>";
		};
		E33A209F292662E500887EC9 /* DIContainer */ = {
			isa = PBXGroup;
			children = (
				E33A20A0292662E500887EC9 /* AppDIContainer.swift */,
				E33A20A1292662E500887EC9 /* ChatSceneDIContainer.swift */,
			);
			path = DIContainer;
			sourceTree = "<group>";
		};
		E33A20AE292665A700887EC9 /* Components */ = {
			isa = PBXGroup;
			children = (
				E33A20B9292665BC00887EC9 /* CommonButton.swift */,
				E33A20BA292665BC00887EC9 /* CommonTextField.swift */,
				E33A20BC292665BC00887EC9 /* DividerView.swift */,
				E33A20BB292665BC00887EC9 /* FilledRoundTextLabel.swift */,
				E33A20AF292665A700887EC9 /* GroupCollectionViewCell.swift */,
				E33A20B0292665A700887EC9 /* GroupCollectionHeaderView.swift */,
				E33A20B1292665A700887EC9 /* SendableTextView.swift */,
				E33A20B2292665A700887EC9 /* GroupFilterCollectionHeaderView.swift */,
				E33A20B3292665A700887EC9 /* GroupFilterCollectionViewCell.swift */,
			);
			path = Components;
			sourceTree = "<group>";
		};
		E33A20C12926665E00887EC9 /* Utils */ = {
			isa = PBXGroup;
			children = (
				E33A20C22926665E00887EC9 /* SnapShotSection.swift */,
				E33A20C32926665E00887EC9 /* DefaultViewController.swift */,
				E33A20C42926665E00887EC9 /* Extensions */,
				E33A20CC2926665E00887EC9 /* Protocols */,
			);
			path = Utils;
			sourceTree = "<group>";
		};
		E33A20C42926665E00887EC9 /* Extensions */ = {
			isa = PBXGroup;
			children = (
				E33A20C52926665E00887EC9 /* UIImage+Resize.swift */,
				E33A20C62926665E00887EC9 /* UIControl+Combine.swift */,
				E33A20C82926665E00887EC9 /* Date+String.swift */,
				E33A20C92926665E00887EC9 /* UITextField+Combine.swift */,
				E33A20CA2926665E00887EC9 /* UIImage+Custom.swift */,
				E33A20CB2926665E00887EC9 /* UIView+Combine.swift */,
				E33A20D9292667CB00887EC9 /* UIViewController+HideKeyboard.swift */,
				A648BB1C292E1B1C0018A654 /* CLLocation+Distance.swift */,
				FC07DDB6292C9A7D00D16FBC /* CLLocation+Address.swift */,
			);
			path = Extensions;
			sourceTree = "<group>";
		};
		E33A20CC2926665E00887EC9 /* Protocols */ = {
			isa = PBXGroup;
			children = (
				E33A20CD2926665E00887EC9 /* ReusableType.swift */,
			);
			path = Protocols;
			sourceTree = "<group>";
		};
		E33A20DB2927656C00887EC9 /* ViewModel */ = {
			isa = PBXGroup;
			children = (
				A648BB1E292E1B930018A654 /* ChatViewModel.swift */,
			);
			path = ViewModel;
			sourceTree = "<group>";
		};
		E33A20DC2927657600887EC9 /* ViewModel */ = {
			isa = PBXGroup;
			children = (
				A648BB22292E1C060018A654 /* ChatContentViewModel.swift */,
			);
			path = ViewModel;
			sourceTree = "<group>";
		};
		E33A20E129277A4100887EC9 /* UseCases */ = {
			isa = PBXGroup;
			children = (
				A66C7BC1292E19A60008B6FD /* LoadChatGroupsUseCase.swift */,
				FC07DDBC292CA90400D16FBC /* FetchGroupUseCase.swift */,
				A66C7BC3292E19C70008B6FD /* SaveGroupUseCase.swift */,
				A66C7BC5292E19F60008B6FD /* LoadChatMessagesUseCase.swift */,
				A66C7BC7292E1A160008B6FD /* SendChatMessagesUseCase.swift */,
				05CB4A35292DF16800A97531 /* FetchCategoryUseCase.swift */,
				05CB4A37292DF16900A97531 /* FetchCommentsUseCase.swift */,
				05CB4A36292DF16900A97531 /* FetchUserUseCase.swift */,
			);
			path = UseCases;
			sourceTree = "<group>";
		};
		E33A20E429277B2A00887EC9 /* Repositories */ = {
			isa = PBXGroup;
			children = (
				A66C7BB9292E19210008B6FD /* ContainsFirestore.swift */,
				E33A20E72927BADE00887EC9 /* UserRepository.swift */,
				A66C7BBB292E19450008B6FD /* GroupRepository.swift */,
				A66C7BBD292E19660008B6FD /* ChatGroupsRepository.swift */,
				A66C7BBF292E19830008B6FD /* ChatMessagesRepository.swift */,
				05CB4A31292DF15100A97531 /* CategoryRepository.swift */,
				05CB4A30292DF15100A97531 /* GroupCommentRepository.swift */,
			);
			path = Repositories;
			sourceTree = "<group>";
		};
		E359EC80292C6BA000CE5775 /* RealmStorage */ = {
			isa = PBXGroup;
			children = (
			);
			path = RealmStorage;
			sourceTree = "<group>";
		};
		E359EC81292C6BC300CE5775 /* Network */ = {
			isa = PBXGroup;
			children = (
				E359EC82292C6BCA00CE5775 /* DataMapping */,
			);
			path = Network;
			sourceTree = "<group>";
		};
		E359EC82292C6BCA00CE5775 /* DataMapping */ = {
			isa = PBXGroup;
			children = (
				05CB4A25292DF11D00A97531 /* CategoryResponseDTO+Mapping.swift */,
				05CB4A26292DF11E00A97531 /* CommentResponseDTO+Mapping.swift */,
				FC07DDBE292CAA8200D16FBC /* GroupResponseDTO+Mapping.swift */,
				FC07DDC0292CAEFF00D16FBC /* UserResponseDTO+Mapping.swift */,
				A66C7BB1292E180A0008B6FD /* MessageResponseDTO+Mapping.swift */,
			);
			path = DataMapping;
			sourceTree = "<group>";
		};
		E394C49D292231D80064ADA7 /* PostDetailScene */ = {
			isa = PBXGroup;
			children = (
				E394C49F292231FD0064ADA7 /* ViewModel */,
				E394C49E292231ED0064ADA7 /* View */,
			);
			path = PostDetailScene;
			sourceTree = "<group>";
		};
		E394C49E292231ED0064ADA7 /* View */ = {
			isa = PBXGroup;
			children = (
				E394C4A0292232630064ADA7 /* PostDetailViewController.swift */,
				E394C4A22922371C0064ADA7 /* PostDetailInfoView.swift */,
				E394C4A4292239B00064ADA7 /* PostWriterInfoView.swift */,
				E394C4A6292243740064ADA7 /* PostDetailContentsView.swift */,
				E394C4A8292248BA0064ADA7 /* KeyValueDisplayView.swift */,
				E33A2024292319C700887EC9 /* PostDetailCommentView.swift */,
				E33A202729235A3D00887EC9 /* PostAttentionView.swift */,
				E33A202B2923D7FC00887EC9 /* PostReportViewController.swift */,
				E33A202D2923DADD00887EC9 /* ReportView.swift */,
				E33A20352924E9FB00887EC9 /* CommentTableViewCell.swift */,
			);
			path = View;
			sourceTree = "<group>";
		};
		E394C49F292231FD0064ADA7 /* ViewModel */ = {
			isa = PBXGroup;
			children = (
				E394C4AC292262CE0064ADA7 /* PostDetailViewModel.swift */,
			);
			path = ViewModel;
			sourceTree = "<group>";
		};
		FC79AEAC29221F730077AE5C /* Presentation */ = {
			isa = PBXGroup;
			children = (
				E394C49D292231D80064ADA7 /* PostDetailScene */,
				FC79AEAE29221F9F0077AE5C /* GroupScene */,
				E33A20702926621F00887EC9 /* ChatScene */,
				E33A208C2926623200887EC9 /* MogakcoScene */,
				E33A20C12926665E00887EC9 /* Utils */,
				E33A20AE292665A700887EC9 /* Components */,
			);
			path = Presentation;
			sourceTree = "<group>";
		};
		FC79AEAE29221F9F0077AE5C /* GroupScene */ = {
			isa = PBXGroup;
			children = (
				A66C7BCC292E1A9B0008B6FD /* View */,
				A66C7BD1292E1A9B0008B6FD /* ViewModel */,
			);
			path = GroupScene;
			sourceTree = "<group>";
		};
		FC79AEB72922239F0077AE5C /* Domain */ = {
			isa = PBXGroup;
			children = (
				E33A20E429277B2A00887EC9 /* Repositories */,
				E33A20E129277A4100887EC9 /* UseCases */,
				FC79AEB8292223A70077AE5C /* Entities */,
			);
			path = Domain;
			sourceTree = "<group>";
		};
		FC79AEB8292223A70077AE5C /* Entities */ = {
			isa = PBXGroup;
			children = (
				E33A20E92927BB1000887EC9 /* User.swift */,
				FC79AEC42922494F0077AE5C /* Group.swift */,
				FC15452F2923630500A40FD8 /* Message.swift */,
				A66C7BC9292E1A460008B6FD /* Location.swift */,
				05CB4A3B292DF17B00A97531 /* Category.swift */,
				05CB4A3C292DF17C00A97531 /* Comment.swift */,
				A648BB24292E1D6F0018A654 /* Filter.swift */,
			);
			path = Entities;
			sourceTree = "<group>";
		};
		FC79AEBB292223D90077AE5C /* Data */ = {
			isa = PBXGroup;
			children = (
				E359EC81292C6BC300CE5775 /* Network */,
				E359EC80292C6BA000CE5775 /* RealmStorage */,
				FC79AEBC292223DF0077AE5C /* Repositories */,
			);
			path = Data;
			sourceTree = "<group>";
		};
		FC79AEBC292223DF0077AE5C /* Repositories */ = {
			isa = PBXGroup;
			children = (
				05CB4A29292DF13500A97531 /* DefaultCategoryRepository.swift */,
				05CB4A2A292DF13500A97531 /* DefaultGroupCommentRepository.swift */,
				FCE46BA72928B11700383F6F /* DefaultGroupRepository.swift */,
				A66C7BB5292E18CF0008B6FD /* DefaultChatGroupsRepository.swift */,
				A66C7BB7292E18F30008B6FD /* DefaultChatMessagesRepository.swift */,
				E359EC7E292C6B4900CE5775 /* DefaultUserRepository.swift */,
			);
			path = Repositories;
			sourceTree = "<group>";
		};
		FC79AEC0292226C70077AE5C /* Resources */ = {
			isa = PBXGroup;
			children = (
				FCD8AEDF291CCE9600CCE5D3 /* Assets.xcassets */,
				FCD8AEE1291CCE9600CCE5D3 /* LaunchScreen.storyboard */,
				FCD8AEE4291CCE9600CCE5D3 /* Info.plist */,
				FCD8AF09291CDD1A00CCE5D3 /* GoogleService-Info.plist */,
			);
			path = Resources;
			sourceTree = "<group>";
		};
		FCD8AECA291CCE9300CCE5D3 = {
			isa = PBXGroup;
			children = (
				FCD8AF06291CD10300CCE5D3 /* .swiftlint.yml */,
				FCD8AED5291CCE9300CCE5D3 /* DevFriends */,
				FCD8AEEC291CCE9600CCE5D3 /* DevFriendsTests */,
				FCD8AEF6291CCE9600CCE5D3 /* DevFriendsUITests */,
				FCD8AED4291CCE9300CCE5D3 /* Products */,
				D3ED73830EEA4BDA2E80A9AC /* Pods */,
				2F8D43D69DE6A399FD792CD1 /* Frameworks */,
				E33A204729265A4300887EC9 /* Recovered References */,
			);
			sourceTree = "<group>";
		};
		FCD8AED4291CCE9300CCE5D3 /* Products */ = {
			isa = PBXGroup;
			children = (
				FCD8AED3291CCE9300CCE5D3 /* DevFriends.app */,
				FCD8AEE9291CCE9600CCE5D3 /* DevFriendsTests.xctest */,
				FCD8AEF3291CCE9600CCE5D3 /* DevFriendsUITests.xctest */,
			);
			name = Products;
			sourceTree = "<group>";
		};
		FCD8AED5291CCE9300CCE5D3 /* DevFriends */ = {
			isa = PBXGroup;
			children = (
				E33A209D292662E500887EC9 /* Application */,
				FC79AEBB292223D90077AE5C /* Data */,
				FC79AEB72922239F0077AE5C /* Domain */,
				FC79AEAC29221F730077AE5C /* Presentation */,
				FC79AEC0292226C70077AE5C /* Resources */,
			);
			path = DevFriends;
			sourceTree = "<group>";
		};
		FCD8AEEC291CCE9600CCE5D3 /* DevFriendsTests */ = {
			isa = PBXGroup;
			children = (
				FCD8AEED291CCE9600CCE5D3 /* DevFriendsTests.swift */,
			);
			path = DevFriendsTests;
			sourceTree = "<group>";
		};
		FCD8AEF6291CCE9600CCE5D3 /* DevFriendsUITests */ = {
			isa = PBXGroup;
			children = (
				FCD8AEF7291CCE9600CCE5D3 /* DevFriendsUITests.swift */,
				FCD8AEF9291CCE9600CCE5D3 /* DevFriendsUITestsLaunchTests.swift */,
			);
			path = DevFriendsUITests;
			sourceTree = "<group>";
		};
/* End PBXGroup section */

/* Begin PBXNativeTarget section */
		FCD8AED2291CCE9300CCE5D3 /* DevFriends */ = {
			isa = PBXNativeTarget;
			buildConfigurationList = FCD8AEFD291CCE9600CCE5D3 /* Build configuration list for PBXNativeTarget "DevFriends" */;
			buildPhases = (
				BB4F6BBF82DA5F1033B1D39D /* [CP] Check Pods Manifest.lock */,
				FCD8AF08291CD18200CCE5D3 /* SwiftLint Script */,
				FCD8AECF291CCE9300CCE5D3 /* Sources */,
				FCD8AED0291CCE9300CCE5D3 /* Frameworks */,
				FCD8AED1291CCE9300CCE5D3 /* Resources */,
				0083F8AF805F0549B3CA7A36 /* [CP] Embed Pods Frameworks */,
			);
			buildRules = (
			);
			dependencies = (
			);
			name = DevFriends;
			productName = DevFriends;
			productReference = FCD8AED3291CCE9300CCE5D3 /* DevFriends.app */;
			productType = "com.apple.product-type.application";
		};
		FCD8AEE8291CCE9600CCE5D3 /* DevFriendsTests */ = {
			isa = PBXNativeTarget;
			buildConfigurationList = FCD8AF00291CCE9600CCE5D3 /* Build configuration list for PBXNativeTarget "DevFriendsTests" */;
			buildPhases = (
				6DD42E51E5860D229197E880 /* [CP] Check Pods Manifest.lock */,
				FCD8AEE5291CCE9600CCE5D3 /* Sources */,
				FCD8AEE6291CCE9600CCE5D3 /* Frameworks */,
				FCD8AEE7291CCE9600CCE5D3 /* Resources */,
			);
			buildRules = (
			);
			dependencies = (
				FCD8AEEB291CCE9600CCE5D3 /* PBXTargetDependency */,
			);
			name = DevFriendsTests;
			productName = DevFriendsTests;
			productReference = FCD8AEE9291CCE9600CCE5D3 /* DevFriendsTests.xctest */;
			productType = "com.apple.product-type.bundle.unit-test";
		};
		FCD8AEF2291CCE9600CCE5D3 /* DevFriendsUITests */ = {
			isa = PBXNativeTarget;
			buildConfigurationList = FCD8AF03291CCE9600CCE5D3 /* Build configuration list for PBXNativeTarget "DevFriendsUITests" */;
			buildPhases = (
				76EE404FD0F098768B88DD39 /* [CP] Check Pods Manifest.lock */,
				FCD8AEEF291CCE9600CCE5D3 /* Sources */,
				FCD8AEF0291CCE9600CCE5D3 /* Frameworks */,
				FCD8AEF1291CCE9600CCE5D3 /* Resources */,
				87ECE0F8F5AC20A848253DEF /* [CP] Embed Pods Frameworks */,
			);
			buildRules = (
			);
			dependencies = (
				FCD8AEF5291CCE9600CCE5D3 /* PBXTargetDependency */,
			);
			name = DevFriendsUITests;
			productName = DevFriendsUITests;
			productReference = FCD8AEF3291CCE9600CCE5D3 /* DevFriendsUITests.xctest */;
			productType = "com.apple.product-type.bundle.ui-testing";
		};
/* End PBXNativeTarget section */

/* Begin PBXProject section */
		FCD8AECB291CCE9300CCE5D3 /* Project object */ = {
			isa = PBXProject;
			attributes = {
				BuildIndependentTargetsInParallel = 1;
				LastSwiftUpdateCheck = 1340;
				LastUpgradeCheck = 1340;
				TargetAttributes = {
					FCD8AED2291CCE9300CCE5D3 = {
						CreatedOnToolsVersion = 13.4.1;
					};
					FCD8AEE8291CCE9600CCE5D3 = {
						CreatedOnToolsVersion = 13.4.1;
						TestTargetID = FCD8AED2291CCE9300CCE5D3;
					};
					FCD8AEF2291CCE9600CCE5D3 = {
						CreatedOnToolsVersion = 13.4.1;
						TestTargetID = FCD8AED2291CCE9300CCE5D3;
					};
				};
			};
			buildConfigurationList = FCD8AECE291CCE9300CCE5D3 /* Build configuration list for PBXProject "DevFriends" */;
			compatibilityVersion = "Xcode 13.0";
			developmentRegion = en;
			hasScannedForEncodings = 0;
			knownRegions = (
				en,
				Base,
			);
			mainGroup = FCD8AECA291CCE9300CCE5D3;
			productRefGroup = FCD8AED4291CCE9300CCE5D3 /* Products */;
			projectDirPath = "";
			projectRoot = "";
			targets = (
				FCD8AED2291CCE9300CCE5D3 /* DevFriends */,
				FCD8AEE8291CCE9600CCE5D3 /* DevFriendsTests */,
				FCD8AEF2291CCE9600CCE5D3 /* DevFriendsUITests */,
			);
		};
/* End PBXProject section */

/* Begin PBXResourcesBuildPhase section */
		FCD8AED1291CCE9300CCE5D3 /* Resources */ = {
			isa = PBXResourcesBuildPhase;
			buildActionMask = 2147483647;
			files = (
				FCD8AF07291CD10300CCE5D3 /* .swiftlint.yml in Resources */,
				FCD8AF0A291CDD1A00CCE5D3 /* GoogleService-Info.plist in Resources */,
				FCD8AEE3291CCE9600CCE5D3 /* LaunchScreen.storyboard in Resources */,
				FCD8AEE0291CCE9600CCE5D3 /* Assets.xcassets in Resources */,
			);
			runOnlyForDeploymentPostprocessing = 0;
		};
		FCD8AEE7291CCE9600CCE5D3 /* Resources */ = {
			isa = PBXResourcesBuildPhase;
			buildActionMask = 2147483647;
			files = (
			);
			runOnlyForDeploymentPostprocessing = 0;
		};
		FCD8AEF1291CCE9600CCE5D3 /* Resources */ = {
			isa = PBXResourcesBuildPhase;
			buildActionMask = 2147483647;
			files = (
			);
			runOnlyForDeploymentPostprocessing = 0;
		};
/* End PBXResourcesBuildPhase section */

/* Begin PBXShellScriptBuildPhase section */
		0083F8AF805F0549B3CA7A36 /* [CP] Embed Pods Frameworks */ = {
			isa = PBXShellScriptBuildPhase;
			buildActionMask = 2147483647;
			files = (
			);
			inputFileListPaths = (
				"${PODS_ROOT}/Target Support Files/Pods-DevFriends/Pods-DevFriends-frameworks-${CONFIGURATION}-input-files.xcfilelist",
			);
			name = "[CP] Embed Pods Frameworks";
			outputFileListPaths = (
				"${PODS_ROOT}/Target Support Files/Pods-DevFriends/Pods-DevFriends-frameworks-${CONFIGURATION}-output-files.xcfilelist",
			);
			runOnlyForDeploymentPostprocessing = 0;
			shellPath = /bin/sh;
			shellScript = "\"${PODS_ROOT}/Target Support Files/Pods-DevFriends/Pods-DevFriends-frameworks.sh\"\n";
			showEnvVarsInLog = 0;
		};
		6DD42E51E5860D229197E880 /* [CP] Check Pods Manifest.lock */ = {
			isa = PBXShellScriptBuildPhase;
			buildActionMask = 2147483647;
			files = (
			);
			inputFileListPaths = (
			);
			inputPaths = (
				"${PODS_PODFILE_DIR_PATH}/Podfile.lock",
				"${PODS_ROOT}/Manifest.lock",
			);
			name = "[CP] Check Pods Manifest.lock";
			outputFileListPaths = (
			);
			outputPaths = (
				"$(DERIVED_FILE_DIR)/Pods-DevFriendsTests-checkManifestLockResult.txt",
			);
			runOnlyForDeploymentPostprocessing = 0;
			shellPath = /bin/sh;
			shellScript = "diff \"${PODS_PODFILE_DIR_PATH}/Podfile.lock\" \"${PODS_ROOT}/Manifest.lock\" > /dev/null\nif [ $? != 0 ] ; then\n    # print error to STDERR\n    echo \"error: The sandbox is not in sync with the Podfile.lock. Run 'pod install' or update your CocoaPods installation.\" >&2\n    exit 1\nfi\n# This output is used by Xcode 'outputs' to avoid re-running this script phase.\necho \"SUCCESS\" > \"${SCRIPT_OUTPUT_FILE_0}\"\n";
			showEnvVarsInLog = 0;
		};
		76EE404FD0F098768B88DD39 /* [CP] Check Pods Manifest.lock */ = {
			isa = PBXShellScriptBuildPhase;
			buildActionMask = 2147483647;
			files = (
			);
			inputFileListPaths = (
			);
			inputPaths = (
				"${PODS_PODFILE_DIR_PATH}/Podfile.lock",
				"${PODS_ROOT}/Manifest.lock",
			);
			name = "[CP] Check Pods Manifest.lock";
			outputFileListPaths = (
			);
			outputPaths = (
				"$(DERIVED_FILE_DIR)/Pods-DevFriends-DevFriendsUITests-checkManifestLockResult.txt",
			);
			runOnlyForDeploymentPostprocessing = 0;
			shellPath = /bin/sh;
			shellScript = "diff \"${PODS_PODFILE_DIR_PATH}/Podfile.lock\" \"${PODS_ROOT}/Manifest.lock\" > /dev/null\nif [ $? != 0 ] ; then\n    # print error to STDERR\n    echo \"error: The sandbox is not in sync with the Podfile.lock. Run 'pod install' or update your CocoaPods installation.\" >&2\n    exit 1\nfi\n# This output is used by Xcode 'outputs' to avoid re-running this script phase.\necho \"SUCCESS\" > \"${SCRIPT_OUTPUT_FILE_0}\"\n";
			showEnvVarsInLog = 0;
		};
		87ECE0F8F5AC20A848253DEF /* [CP] Embed Pods Frameworks */ = {
			isa = PBXShellScriptBuildPhase;
			buildActionMask = 2147483647;
			files = (
			);
			inputFileListPaths = (
				"${PODS_ROOT}/Target Support Files/Pods-DevFriends-DevFriendsUITests/Pods-DevFriends-DevFriendsUITests-frameworks-${CONFIGURATION}-input-files.xcfilelist",
			);
			name = "[CP] Embed Pods Frameworks";
			outputFileListPaths = (
				"${PODS_ROOT}/Target Support Files/Pods-DevFriends-DevFriendsUITests/Pods-DevFriends-DevFriendsUITests-frameworks-${CONFIGURATION}-output-files.xcfilelist",
			);
			runOnlyForDeploymentPostprocessing = 0;
			shellPath = /bin/sh;
			shellScript = "\"${PODS_ROOT}/Target Support Files/Pods-DevFriends-DevFriendsUITests/Pods-DevFriends-DevFriendsUITests-frameworks.sh\"\n";
			showEnvVarsInLog = 0;
		};
		BB4F6BBF82DA5F1033B1D39D /* [CP] Check Pods Manifest.lock */ = {
			isa = PBXShellScriptBuildPhase;
			buildActionMask = 2147483647;
			files = (
			);
			inputFileListPaths = (
			);
			inputPaths = (
				"${PODS_PODFILE_DIR_PATH}/Podfile.lock",
				"${PODS_ROOT}/Manifest.lock",
			);
			name = "[CP] Check Pods Manifest.lock";
			outputFileListPaths = (
			);
			outputPaths = (
				"$(DERIVED_FILE_DIR)/Pods-DevFriends-checkManifestLockResult.txt",
			);
			runOnlyForDeploymentPostprocessing = 0;
			shellPath = /bin/sh;
			shellScript = "diff \"${PODS_PODFILE_DIR_PATH}/Podfile.lock\" \"${PODS_ROOT}/Manifest.lock\" > /dev/null\nif [ $? != 0 ] ; then\n    # print error to STDERR\n    echo \"error: The sandbox is not in sync with the Podfile.lock. Run 'pod install' or update your CocoaPods installation.\" >&2\n    exit 1\nfi\n# This output is used by Xcode 'outputs' to avoid re-running this script phase.\necho \"SUCCESS\" > \"${SCRIPT_OUTPUT_FILE_0}\"\n";
			showEnvVarsInLog = 0;
		};
		FCD8AF08291CD18200CCE5D3 /* SwiftLint Script */ = {
			isa = PBXShellScriptBuildPhase;
			buildActionMask = 2147483647;
			files = (
			);
			inputFileListPaths = (
			);
			inputPaths = (
			);
			name = "SwiftLint Script";
			outputFileListPaths = (
			);
			outputPaths = (
			);
			runOnlyForDeploymentPostprocessing = 0;
			shellPath = /bin/sh;
			shellScript = "${PODS_ROOT}/SwiftLint/swiftlint\n";
		};
/* End PBXShellScriptBuildPhase section */

/* Begin PBXSourcesBuildPhase section */
		FCD8AECF291CCE9300CCE5D3 /* Sources */ = {
			isa = PBXSourcesBuildPhase;
			buildActionMask = 2147483647;
			files = (
				E33A20892926622000887EC9 /* MyMessageTableViewCell.swift in Sources */,
				05CB4A33292DF15200A97531 /* GroupCommentRepository.swift in Sources */,
				E359EC7F292C6B4900CE5775 /* DefaultUserRepository.swift in Sources */,
				FC79AEC52922494F0077AE5C /* Group.swift in Sources */,
				E33A20B7292665A700887EC9 /* GroupFilterCollectionHeaderView.swift in Sources */,
				A66C7BBE292E19660008B6FD /* ChatGroupsRepository.swift in Sources */,
				A66C7BB2292E180A0008B6FD /* MessageResponseDTO+Mapping.swift in Sources */,
				E33A20BE292665BC00887EC9 /* CommonTextField.swift in Sources */,
				05CB4A39292DF16900A97531 /* FetchUserUseCase.swift in Sources */,
				E33A20D02926665E00887EC9 /* UIImage+Resize.swift in Sources */,
				A66C7BDB292E1A9B0008B6FD /* GroupListViewModelType.swift in Sources */,
				E33A20882926622000887EC9 /* ContainsTime.swift in Sources */,
				A66C7BC0292E19830008B6FD /* ChatMessagesRepository.swift in Sources */,
				05CB4A2D292DF13500A97531 /* DefaultGroupCommentRepository.swift in Sources */,
				A66C7BC4292E19C70008B6FD /* SaveGroupUseCase.swift in Sources */,
				A66C7BD8292E1A9B0008B6FD /* GroupFilterViewControllerDelegate.swift in Sources */,
				E33A20B4292665A700887EC9 /* GroupCollectionViewCell.swift in Sources */,
				05CB4A3A292DF16900A97531 /* FetchCommentsUseCase.swift in Sources */,
				05CB4A3D292DF17C00A97531 /* Category.swift in Sources */,
				05CB4A38292DF16900A97531 /* FetchCategoryUseCase.swift in Sources */,
				E33A20852926622000887EC9 /* ContainsProfile.swift in Sources */,
				FCE46BA82928B11700383F6F /* DefaultGroupRepository.swift in Sources */,
				FC1545302923630500A40FD8 /* Message.swift in Sources */,
				A66C7BD7292E1A9B0008B6FD /* GroupListViewController.swift in Sources */,
				E33A20CE2926665E00887EC9 /* SnapShotSection.swift in Sources */,
				E33A20D42926665E00887EC9 /* UITextField+Combine.swift in Sources */,
				E33A20EA2927BB1000887EC9 /* User.swift in Sources */,
				E33A20DA292667CB00887EC9 /* UIViewController+HideKeyboard.swift in Sources */,
				A648BB23292E1C060018A654 /* ChatContentViewModel.swift in Sources */,
				E33A20E82927BADE00887EC9 /* UserRepository.swift in Sources */,
				E394C4A1292232630064ADA7 /* PostDetailViewController.swift in Sources */,
				A66C7BCA292E1A460008B6FD /* Location.swift in Sources */,
				E33A20D52926665E00887EC9 /* UIImage+Custom.swift in Sources */,
				E33A208B2926622000887EC9 /* ChatCoordinator.swift in Sources */,
				05CB4A3E292DF17C00A97531 /* Comment.swift in Sources */,
				E33A20812926622000887EC9 /* ChatViewController.swift in Sources */,
				05CB4A34292DF15200A97531 /* CategoryRepository.swift in Sources */,
				E33A202E2923DADD00887EC9 /* ReportView.swift in Sources */,
				E33A20B6292665A700887EC9 /* SendableTextView.swift in Sources */,
				E394C4A7292243740064ADA7 /* PostDetailContentsView.swift in Sources */,
				E33A20D32926665E00887EC9 /* Date+String.swift in Sources */,
				E33A20862926622000887EC9 /* MessageCellType.swift in Sources */,
				E33A20CF2926665E00887EC9 /* DefaultViewController.swift in Sources */,
				E33A20362924E9FB00887EC9 /* CommentTableViewCell.swift in Sources */,
				FC07DDB7292C9A7D00D16FBC /* CLLocation+Address.swift in Sources */,
				E33A202829235A3D00887EC9 /* PostAttentionView.swift in Sources */,
				05CB4A28292DF11E00A97531 /* CommentResponseDTO+Mapping.swift in Sources */,
				E33A20B8292665A700887EC9 /* GroupFilterCollectionViewCell.swift in Sources */,
				E33A202C2923D7FC00887EC9 /* PostReportViewController.swift in Sources */,
				E33A20932926623200887EC9 /* MogakcoViewController.swift in Sources */,
				A648BB1D292E1B1C0018A654 /* CLLocation+Distance.swift in Sources */,
				E33A20D12926665E00887EC9 /* UIControl+Combine.swift in Sources */,
				E33A20D72926665E00887EC9 /* ReusableType.swift in Sources */,
				E394C4A9292248BA0064ADA7 /* KeyValueDisplayView.swift in Sources */,
				E33A20C0292665BC00887EC9 /* DividerView.swift in Sources */,
				E33A2025292319C700887EC9 /* PostDetailCommentView.swift in Sources */,
				E33A20AC2926639400887EC9 /* AppFlowCoordinator.swift in Sources */,
				E33A20832926622000887EC9 /* FriendMessageTableViewCell.swift in Sources */,
				A66C7BBC292E19450008B6FD /* GroupRepository.swift in Sources */,
				A648BB1F292E1B930018A654 /* ChatViewModel.swift in Sources */,
				A66C7BD6292E1A9B0008B6FD /* GroupListSection.swift in Sources */,
				E394C4A32922371C0064ADA7 /* PostDetailInfoView.swift in Sources */,
				E33A20872926622000887EC9 /* ChatContentViewController.swift in Sources */,
				A66C7BC2292E19A60008B6FD /* LoadChatGroupsUseCase.swift in Sources */,
				E394C4A5292239B00064ADA7 /* PostWriterInfoView.swift in Sources */,
				E33A20A8292662E500887EC9 /* SceneDelegate.swift in Sources */,
				A66C7BDC292E1A9B0008B6FD /* GroupListViewModel.swift in Sources */,
				A66C7BC6292E19F60008B6FD /* LoadChatMessagesUseCase.swift in Sources */,
				E394C4AD292262CE0064ADA7 /* PostDetailViewModel.swift in Sources */,
				E33A20D62926665E00887EC9 /* UIView+Combine.swift in Sources */,
				05CB4A27292DF11E00A97531 /* CategoryResponseDTO+Mapping.swift in Sources */,
				A6ED8BA129239153003105E2 /* (null) in Sources */,
				E33A20BD292665BC00887EC9 /* CommonButton.swift in Sources */,
				A648BB25292E1D6F0018A654 /* Filter.swift in Sources */,
				E33A20A6292662E500887EC9 /* ChatSceneDIContainer.swift in Sources */,
				A66C7BDA292E1A9B0008B6FD /* GroupFilterViewModelType.swift in Sources */,
				E33A20842926622000887EC9 /* MessageLabel.swift in Sources */,
				A66C7BBA292E19210008B6FD /* ContainsFirestore.swift in Sources */,
				E33A20922926623200887EC9 /* MogakcoViewModel.swift in Sources */,
				A66C7BD9292E1A9B0008B6FD /* GroupFilterViewController.swift in Sources */,
				E33A20BF292665BC00887EC9 /* FilledRoundTextLabel.swift in Sources */,
				E33A20B5292665A700887EC9 /* GroupCollectionHeaderView.swift in Sources */,
				FC07DDBF292CAA8200D16FBC /* GroupResponseDTO+Mapping.swift in Sources */,
				A6ED8BA72924E44A003105E2 /* (null) in Sources */,
				A66C7BB6292E18CF0008B6FD /* DefaultChatGroupsRepository.swift in Sources */,
				FC07DDC1292CAEFF00D16FBC /* UserResponseDTO+Mapping.swift in Sources */,
				05CB4A2C292DF13500A97531 /* DefaultCategoryRepository.swift in Sources */,
				A66C7BDD292E1A9B0008B6FD /* GroupFilterViewModel.swift in Sources */,
				FC07DDBD292CA90400D16FBC /* FetchGroupUseCase.swift in Sources */,
				E33A208A2926622000887EC9 /* ChatViewCoordinator.swift in Sources */,
				E33A20A7292662E500887EC9 /* AppDelegate.swift in Sources */,
				E33A20A5292662E500887EC9 /* AppDIContainer.swift in Sources */,
				A66C7BB8292E18F30008B6FD /* DefaultChatMessagesRepository.swift in Sources */,
				A6ED8B9D29228299003105E2 /* (null) in Sources */,
				E33A20822926622000887EC9 /* ChatTableViewCell.swift in Sources */,
				A66C7BC8292E1A160008B6FD /* SendChatMessagesUseCase.swift in Sources */,
				E33A20942926623200887EC9 /* MogakcoModalViewController.swift in Sources */,
			);
			runOnlyForDeploymentPostprocessing = 0;
		};
		FCD8AEE5291CCE9600CCE5D3 /* Sources */ = {
			isa = PBXSourcesBuildPhase;
			buildActionMask = 2147483647;
			files = (
				FCD8AEEE291CCE9600CCE5D3 /* DevFriendsTests.swift in Sources */,
			);
			runOnlyForDeploymentPostprocessing = 0;
		};
		FCD8AEEF291CCE9600CCE5D3 /* Sources */ = {
			isa = PBXSourcesBuildPhase;
			buildActionMask = 2147483647;
			files = (
				FCD8AEFA291CCE9600CCE5D3 /* DevFriendsUITestsLaunchTests.swift in Sources */,
				FCD8AEF8291CCE9600CCE5D3 /* DevFriendsUITests.swift in Sources */,
			);
			runOnlyForDeploymentPostprocessing = 0;
		};
/* End PBXSourcesBuildPhase section */

/* Begin PBXTargetDependency section */
		FCD8AEEB291CCE9600CCE5D3 /* PBXTargetDependency */ = {
			isa = PBXTargetDependency;
			target = FCD8AED2291CCE9300CCE5D3 /* DevFriends */;
			targetProxy = FCD8AEEA291CCE9600CCE5D3 /* PBXContainerItemProxy */;
		};
		FCD8AEF5291CCE9600CCE5D3 /* PBXTargetDependency */ = {
			isa = PBXTargetDependency;
			target = FCD8AED2291CCE9300CCE5D3 /* DevFriends */;
			targetProxy = FCD8AEF4291CCE9600CCE5D3 /* PBXContainerItemProxy */;
		};
/* End PBXTargetDependency section */

/* Begin PBXVariantGroup section */
		FCD8AEE1291CCE9600CCE5D3 /* LaunchScreen.storyboard */ = {
			isa = PBXVariantGroup;
			children = (
				FCD8AEE2291CCE9600CCE5D3 /* Base */,
			);
			name = LaunchScreen.storyboard;
			sourceTree = "<group>";
		};
/* End PBXVariantGroup section */

/* Begin XCBuildConfiguration section */
		FCD8AEFB291CCE9600CCE5D3 /* Debug */ = {
			isa = XCBuildConfiguration;
			buildSettings = {
				ALWAYS_SEARCH_USER_PATHS = NO;
				CLANG_ANALYZER_NONNULL = YES;
				CLANG_ANALYZER_NUMBER_OBJECT_CONVERSION = YES_AGGRESSIVE;
				CLANG_CXX_LANGUAGE_STANDARD = "gnu++17";
				CLANG_ENABLE_MODULES = YES;
				CLANG_ENABLE_OBJC_ARC = YES;
				CLANG_ENABLE_OBJC_WEAK = YES;
				CLANG_WARN_BLOCK_CAPTURE_AUTORELEASING = YES;
				CLANG_WARN_BOOL_CONVERSION = YES;
				CLANG_WARN_COMMA = YES;
				CLANG_WARN_CONSTANT_CONVERSION = YES;
				CLANG_WARN_DEPRECATED_OBJC_IMPLEMENTATIONS = YES;
				CLANG_WARN_DIRECT_OBJC_ISA_USAGE = YES_ERROR;
				CLANG_WARN_DOCUMENTATION_COMMENTS = YES;
				CLANG_WARN_EMPTY_BODY = YES;
				CLANG_WARN_ENUM_CONVERSION = YES;
				CLANG_WARN_INFINITE_RECURSION = YES;
				CLANG_WARN_INT_CONVERSION = YES;
				CLANG_WARN_NON_LITERAL_NULL_CONVERSION = YES;
				CLANG_WARN_OBJC_IMPLICIT_RETAIN_SELF = YES;
				CLANG_WARN_OBJC_LITERAL_CONVERSION = YES;
				CLANG_WARN_OBJC_ROOT_CLASS = YES_ERROR;
				CLANG_WARN_QUOTED_INCLUDE_IN_FRAMEWORK_HEADER = YES;
				CLANG_WARN_RANGE_LOOP_ANALYSIS = YES;
				CLANG_WARN_STRICT_PROTOTYPES = YES;
				CLANG_WARN_SUSPICIOUS_MOVE = YES;
				CLANG_WARN_UNGUARDED_AVAILABILITY = YES_AGGRESSIVE;
				CLANG_WARN_UNREACHABLE_CODE = YES;
				CLANG_WARN__DUPLICATE_METHOD_MATCH = YES;
				COPY_PHASE_STRIP = NO;
				DEBUG_INFORMATION_FORMAT = dwarf;
				ENABLE_STRICT_OBJC_MSGSEND = YES;
				ENABLE_TESTABILITY = YES;
				GCC_C_LANGUAGE_STANDARD = gnu11;
				GCC_DYNAMIC_NO_PIC = NO;
				GCC_NO_COMMON_BLOCKS = YES;
				GCC_OPTIMIZATION_LEVEL = 0;
				GCC_PREPROCESSOR_DEFINITIONS = (
					"DEBUG=1",
					"$(inherited)",
				);
				GCC_WARN_64_TO_32_BIT_CONVERSION = YES;
				GCC_WARN_ABOUT_RETURN_TYPE = YES_ERROR;
				GCC_WARN_UNDECLARED_SELECTOR = YES;
				GCC_WARN_UNINITIALIZED_AUTOS = YES_AGGRESSIVE;
				GCC_WARN_UNUSED_FUNCTION = YES;
				GCC_WARN_UNUSED_VARIABLE = YES;
				IPHONEOS_DEPLOYMENT_TARGET = 15.5;
				MTL_ENABLE_DEBUG_INFO = INCLUDE_SOURCE;
				MTL_FAST_MATH = YES;
				ONLY_ACTIVE_ARCH = YES;
				SDKROOT = iphoneos;
				SWIFT_ACTIVE_COMPILATION_CONDITIONS = DEBUG;
				SWIFT_OPTIMIZATION_LEVEL = "-Onone";
			};
			name = Debug;
		};
		FCD8AEFC291CCE9600CCE5D3 /* Release */ = {
			isa = XCBuildConfiguration;
			buildSettings = {
				ALWAYS_SEARCH_USER_PATHS = NO;
				CLANG_ANALYZER_NONNULL = YES;
				CLANG_ANALYZER_NUMBER_OBJECT_CONVERSION = YES_AGGRESSIVE;
				CLANG_CXX_LANGUAGE_STANDARD = "gnu++17";
				CLANG_ENABLE_MODULES = YES;
				CLANG_ENABLE_OBJC_ARC = YES;
				CLANG_ENABLE_OBJC_WEAK = YES;
				CLANG_WARN_BLOCK_CAPTURE_AUTORELEASING = YES;
				CLANG_WARN_BOOL_CONVERSION = YES;
				CLANG_WARN_COMMA = YES;
				CLANG_WARN_CONSTANT_CONVERSION = YES;
				CLANG_WARN_DEPRECATED_OBJC_IMPLEMENTATIONS = YES;
				CLANG_WARN_DIRECT_OBJC_ISA_USAGE = YES_ERROR;
				CLANG_WARN_DOCUMENTATION_COMMENTS = YES;
				CLANG_WARN_EMPTY_BODY = YES;
				CLANG_WARN_ENUM_CONVERSION = YES;
				CLANG_WARN_INFINITE_RECURSION = YES;
				CLANG_WARN_INT_CONVERSION = YES;
				CLANG_WARN_NON_LITERAL_NULL_CONVERSION = YES;
				CLANG_WARN_OBJC_IMPLICIT_RETAIN_SELF = YES;
				CLANG_WARN_OBJC_LITERAL_CONVERSION = YES;
				CLANG_WARN_OBJC_ROOT_CLASS = YES_ERROR;
				CLANG_WARN_QUOTED_INCLUDE_IN_FRAMEWORK_HEADER = YES;
				CLANG_WARN_RANGE_LOOP_ANALYSIS = YES;
				CLANG_WARN_STRICT_PROTOTYPES = YES;
				CLANG_WARN_SUSPICIOUS_MOVE = YES;
				CLANG_WARN_UNGUARDED_AVAILABILITY = YES_AGGRESSIVE;
				CLANG_WARN_UNREACHABLE_CODE = YES;
				CLANG_WARN__DUPLICATE_METHOD_MATCH = YES;
				COPY_PHASE_STRIP = NO;
				DEBUG_INFORMATION_FORMAT = "dwarf-with-dsym";
				ENABLE_NS_ASSERTIONS = NO;
				ENABLE_STRICT_OBJC_MSGSEND = YES;
				GCC_C_LANGUAGE_STANDARD = gnu11;
				GCC_NO_COMMON_BLOCKS = YES;
				GCC_WARN_64_TO_32_BIT_CONVERSION = YES;
				GCC_WARN_ABOUT_RETURN_TYPE = YES_ERROR;
				GCC_WARN_UNDECLARED_SELECTOR = YES;
				GCC_WARN_UNINITIALIZED_AUTOS = YES_AGGRESSIVE;
				GCC_WARN_UNUSED_FUNCTION = YES;
				GCC_WARN_UNUSED_VARIABLE = YES;
				IPHONEOS_DEPLOYMENT_TARGET = 15.5;
				MTL_ENABLE_DEBUG_INFO = NO;
				MTL_FAST_MATH = YES;
				SDKROOT = iphoneos;
				SWIFT_COMPILATION_MODE = wholemodule;
				SWIFT_OPTIMIZATION_LEVEL = "-O";
				VALIDATE_PRODUCT = YES;
			};
			name = Release;
		};
		FCD8AEFE291CCE9600CCE5D3 /* Debug */ = {
			isa = XCBuildConfiguration;
			baseConfigurationReference = 08AB74F8E8B5617454A9F712 /* Pods-DevFriends.debug.xcconfig */;
			buildSettings = {
				ASSETCATALOG_COMPILER_APPICON_NAME = AppIcon;
				ASSETCATALOG_COMPILER_GLOBAL_ACCENT_COLOR_NAME = AccentColor;
				CODE_SIGN_STYLE = Automatic;
				CURRENT_PROJECT_VERSION = 1;
				GENERATE_INFOPLIST_FILE = YES;
				INFOPLIST_FILE = DevFriends/Resources/Info.plist;
				INFOPLIST_KEY_UIApplicationSupportsIndirectInputEvents = YES;
				INFOPLIST_KEY_UILaunchStoryboardName = LaunchScreen;
				INFOPLIST_KEY_UISupportedInterfaceOrientations_iPad = "UIInterfaceOrientationPortrait UIInterfaceOrientationPortraitUpsideDown UIInterfaceOrientationLandscapeLeft UIInterfaceOrientationLandscapeRight";
				INFOPLIST_KEY_UISupportedInterfaceOrientations_iPhone = "UIInterfaceOrientationPortrait UIInterfaceOrientationLandscapeLeft UIInterfaceOrientationLandscapeRight";
				LD_RUNPATH_SEARCH_PATHS = (
					"$(inherited)",
					"@executable_path/Frameworks",
				);
				MARKETING_VERSION = 1.0;
				PRODUCT_BUNDLE_IDENTIFIER = com.tadpole.DevFriends;
				PRODUCT_NAME = "$(TARGET_NAME)";
				SWIFT_EMIT_LOC_STRINGS = YES;
				SWIFT_VERSION = 5.0;
				TARGETED_DEVICE_FAMILY = "1,2";
			};
			name = Debug;
		};
		FCD8AEFF291CCE9600CCE5D3 /* Release */ = {
			isa = XCBuildConfiguration;
			baseConfigurationReference = 9C8D73A43F6124E9E2A99737 /* Pods-DevFriends.release.xcconfig */;
			buildSettings = {
				ASSETCATALOG_COMPILER_APPICON_NAME = AppIcon;
				ASSETCATALOG_COMPILER_GLOBAL_ACCENT_COLOR_NAME = AccentColor;
				CODE_SIGN_STYLE = Automatic;
				CURRENT_PROJECT_VERSION = 1;
				GENERATE_INFOPLIST_FILE = YES;
				INFOPLIST_FILE = DevFriends/Resources/Info.plist;
				INFOPLIST_KEY_UIApplicationSupportsIndirectInputEvents = YES;
				INFOPLIST_KEY_UILaunchStoryboardName = LaunchScreen;
				INFOPLIST_KEY_UISupportedInterfaceOrientations_iPad = "UIInterfaceOrientationPortrait UIInterfaceOrientationPortraitUpsideDown UIInterfaceOrientationLandscapeLeft UIInterfaceOrientationLandscapeRight";
				INFOPLIST_KEY_UISupportedInterfaceOrientations_iPhone = "UIInterfaceOrientationPortrait UIInterfaceOrientationLandscapeLeft UIInterfaceOrientationLandscapeRight";
				LD_RUNPATH_SEARCH_PATHS = (
					"$(inherited)",
					"@executable_path/Frameworks",
				);
				MARKETING_VERSION = 1.0;
				PRODUCT_BUNDLE_IDENTIFIER = com.tadpole.DevFriends;
				PRODUCT_NAME = "$(TARGET_NAME)";
				SWIFT_EMIT_LOC_STRINGS = YES;
				SWIFT_VERSION = 5.0;
				TARGETED_DEVICE_FAMILY = "1,2";
			};
			name = Release;
		};
		FCD8AF01291CCE9600CCE5D3 /* Debug */ = {
			isa = XCBuildConfiguration;
			baseConfigurationReference = 2BF1D9232294B07D8FD14AFD /* Pods-DevFriendsTests.debug.xcconfig */;
			buildSettings = {
				ALWAYS_EMBED_SWIFT_STANDARD_LIBRARIES = YES;
				BUNDLE_LOADER = "$(TEST_HOST)";
				CODE_SIGN_STYLE = Automatic;
				CURRENT_PROJECT_VERSION = 1;
				GENERATE_INFOPLIST_FILE = YES;
				IPHONEOS_DEPLOYMENT_TARGET = 15.5;
				MARKETING_VERSION = 1.0;
				PRODUCT_BUNDLE_IDENTIFIER = com.example.DevFriendsTests;
				PRODUCT_NAME = "$(TARGET_NAME)";
				SWIFT_EMIT_LOC_STRINGS = NO;
				SWIFT_VERSION = 5.0;
				TARGETED_DEVICE_FAMILY = "1,2";
				TEST_HOST = "$(BUILT_PRODUCTS_DIR)/DevFriends.app/DevFriends";
			};
			name = Debug;
		};
		FCD8AF02291CCE9600CCE5D3 /* Release */ = {
			isa = XCBuildConfiguration;
			baseConfigurationReference = 837D31618E31BF1C7C65D48C /* Pods-DevFriendsTests.release.xcconfig */;
			buildSettings = {
				ALWAYS_EMBED_SWIFT_STANDARD_LIBRARIES = YES;
				BUNDLE_LOADER = "$(TEST_HOST)";
				CODE_SIGN_STYLE = Automatic;
				CURRENT_PROJECT_VERSION = 1;
				GENERATE_INFOPLIST_FILE = YES;
				IPHONEOS_DEPLOYMENT_TARGET = 15.5;
				MARKETING_VERSION = 1.0;
				PRODUCT_BUNDLE_IDENTIFIER = com.example.DevFriendsTests;
				PRODUCT_NAME = "$(TARGET_NAME)";
				SWIFT_EMIT_LOC_STRINGS = NO;
				SWIFT_VERSION = 5.0;
				TARGETED_DEVICE_FAMILY = "1,2";
				TEST_HOST = "$(BUILT_PRODUCTS_DIR)/DevFriends.app/DevFriends";
			};
			name = Release;
		};
		FCD8AF04291CCE9600CCE5D3 /* Debug */ = {
			isa = XCBuildConfiguration;
			baseConfigurationReference = 9A479E087E3E3E0E8DFBFF7B /* Pods-DevFriends-DevFriendsUITests.debug.xcconfig */;
			buildSettings = {
				ALWAYS_EMBED_SWIFT_STANDARD_LIBRARIES = YES;
				CODE_SIGN_STYLE = Automatic;
				CURRENT_PROJECT_VERSION = 1;
				GENERATE_INFOPLIST_FILE = YES;
				MARKETING_VERSION = 1.0;
				PRODUCT_BUNDLE_IDENTIFIER = com.example.DevFriendsUITests;
				PRODUCT_NAME = "$(TARGET_NAME)";
				SWIFT_EMIT_LOC_STRINGS = NO;
				SWIFT_VERSION = 5.0;
				TARGETED_DEVICE_FAMILY = "1,2";
				TEST_TARGET_NAME = DevFriends;
			};
			name = Debug;
		};
		FCD8AF05291CCE9600CCE5D3 /* Release */ = {
			isa = XCBuildConfiguration;
			baseConfigurationReference = 4D8D0F69C738DCA15C0B25EF /* Pods-DevFriends-DevFriendsUITests.release.xcconfig */;
			buildSettings = {
				ALWAYS_EMBED_SWIFT_STANDARD_LIBRARIES = YES;
				CODE_SIGN_STYLE = Automatic;
				CURRENT_PROJECT_VERSION = 1;
				GENERATE_INFOPLIST_FILE = YES;
				MARKETING_VERSION = 1.0;
				PRODUCT_BUNDLE_IDENTIFIER = com.example.DevFriendsUITests;
				PRODUCT_NAME = "$(TARGET_NAME)";
				SWIFT_EMIT_LOC_STRINGS = NO;
				SWIFT_VERSION = 5.0;
				TARGETED_DEVICE_FAMILY = "1,2";
				TEST_TARGET_NAME = DevFriends;
			};
			name = Release;
		};
/* End XCBuildConfiguration section */

/* Begin XCConfigurationList section */
		FCD8AECE291CCE9300CCE5D3 /* Build configuration list for PBXProject "DevFriends" */ = {
			isa = XCConfigurationList;
			buildConfigurations = (
				FCD8AEFB291CCE9600CCE5D3 /* Debug */,
				FCD8AEFC291CCE9600CCE5D3 /* Release */,
			);
			defaultConfigurationIsVisible = 0;
			defaultConfigurationName = Release;
		};
		FCD8AEFD291CCE9600CCE5D3 /* Build configuration list for PBXNativeTarget "DevFriends" */ = {
			isa = XCConfigurationList;
			buildConfigurations = (
				FCD8AEFE291CCE9600CCE5D3 /* Debug */,
				FCD8AEFF291CCE9600CCE5D3 /* Release */,
			);
			defaultConfigurationIsVisible = 0;
			defaultConfigurationName = Release;
		};
		FCD8AF00291CCE9600CCE5D3 /* Build configuration list for PBXNativeTarget "DevFriendsTests" */ = {
			isa = XCConfigurationList;
			buildConfigurations = (
				FCD8AF01291CCE9600CCE5D3 /* Debug */,
				FCD8AF02291CCE9600CCE5D3 /* Release */,
			);
			defaultConfigurationIsVisible = 0;
			defaultConfigurationName = Release;
		};
		FCD8AF03291CCE9600CCE5D3 /* Build configuration list for PBXNativeTarget "DevFriendsUITests" */ = {
			isa = XCConfigurationList;
			buildConfigurations = (
				FCD8AF04291CCE9600CCE5D3 /* Debug */,
				FCD8AF05291CCE9600CCE5D3 /* Release */,
			);
			defaultConfigurationIsVisible = 0;
			defaultConfigurationName = Release;
		};
/* End XCConfigurationList section */
	};
	rootObject = FCD8AECB291CCE9300CCE5D3 /* Project object */;
}
